{
  "version": "3",
  "redirects": {
    "https://crux.land/router@0.0.5": "https://crux.land/api/get/2KNRVU.ts",
    "https://esm.sh/v128/@types/react@~18.2/index.d.ts": "https://esm.sh/v128/@types/react@18.2.38/index.d.ts"
  },
  "remote": {
    "https://crux.land/api/get/2KNRVU.ts": "6a77d55844aba78d01520c5ff0b2f0af7f24cc1716a0de8b3bb6bd918c47b5ba",
    "https://deno.land/std@0.140.0/_util/assert.ts": "e94f2eb37cebd7f199952e242c77654e43333c1ac4c5c700e929ea3aa5489f74",
    "https://deno.land/std@0.140.0/_util/os.ts": "3b4c6e27febd119d36a416d7a97bd3b0251b77c88942c8f16ee5953ea13e2e49",
    "https://deno.land/std@0.140.0/bytes/bytes_list.ts": "67eb118e0b7891d2f389dad4add35856f4ad5faab46318ff99653456c23b025d",
    "https://deno.land/std@0.140.0/bytes/equals.ts": "fc16dff2090cced02497f16483de123dfa91e591029f985029193dfaa9d894c9",
    "https://deno.land/std@0.140.0/bytes/mod.ts": "763f97d33051cc3f28af1a688dfe2830841192a9fea0cbaa55f927b49d49d0bf",
    "https://deno.land/std@0.140.0/fmt/colors.ts": "30455035d6d728394781c10755351742dd731e3db6771b1843f9b9e490104d37",
    "https://deno.land/std@0.140.0/fs/_util.ts": "0fb24eb4bfebc2c194fb1afdb42b9c3dda12e368f43e8f2321f84fc77d42cb0f",
    "https://deno.land/std@0.140.0/fs/ensure_dir.ts": "9dc109c27df4098b9fc12d949612ae5c9c7169507660dcf9ad90631833209d9d",
    "https://deno.land/std@0.140.0/io/buffer.ts": "bd0c4bf53db4b4be916ca5963e454bddfd3fcd45039041ea161dbf826817822b",
    "https://deno.land/std@0.140.0/path/_constants.ts": "df1db3ffa6dd6d1252cc9617e5d72165cd2483df90e93833e13580687b6083c3",
    "https://deno.land/std@0.140.0/path/_interface.ts": "ee3b431a336b80cf445441109d089b70d87d5e248f4f90ff906820889ecf8d09",
    "https://deno.land/std@0.140.0/path/_util.ts": "c1e9686d0164e29f7d880b2158971d805b6e0efc3110d0b3e24e4b8af2190d2b",
    "https://deno.land/std@0.140.0/path/common.ts": "bee563630abd2d97f99d83c96c2fa0cca7cee103e8cb4e7699ec4d5db7bd2633",
    "https://deno.land/std@0.140.0/path/glob.ts": "cb5255638de1048973c3e69e420c77dc04f75755524cb3b2e160fe9277d939ee",
    "https://deno.land/std@0.140.0/path/mod.ts": "d3e68d0abb393fb0bf94a6d07c46ec31dc755b544b13144dee931d8d5f06a52d",
    "https://deno.land/std@0.140.0/path/posix.ts": "293cdaec3ecccec0a9cc2b534302dfe308adb6f10861fa183275d6695faace44",
    "https://deno.land/std@0.140.0/path/separator.ts": "fe1816cb765a8068afb3e8f13ad272351c85cbc739af56dacfc7d93d710fe0f9",
    "https://deno.land/std@0.140.0/path/win32.ts": "31811536855e19ba37a999cd8d1b62078235548d67902ece4aa6b814596dd757",
    "https://deno.land/std@0.140.0/streams/conversion.ts": "712585bfa0172a97fb68dd46e784ae8ad59d11b88079d6a4ab098ff42e697d21",
    "https://deno.land/std@0.158.0/fmt/colors.ts": "ff7dc9c9f33a72bd48bc24b21bbc1b4545d8494a431f17894dbc5fe92a938fc4",
    "https://deno.land/std@0.158.0/testing/_diff.ts": "a23e7fc2b4d8daa3e158fa06856bedf5334ce2a2831e8bf9e509717f455adb2c",
    "https://deno.land/std@0.158.0/testing/_format.ts": "cd11136e1797791045e639e9f0f4640d5b4166148796cad37e6ef75f7d7f3832",
    "https://deno.land/std@0.158.0/testing/asserts.ts": "8696c488bc98d8d175e74dc652a0ffbc7fca93858da01edc57ed33c1148345da",
    "https://deno.land/std@0.163.0/testing/_test_suite.ts": "2d07073d5460a4e3ec50c55ae822cd9bd136926d7363091379947fef9c73c3e4",
    "https://deno.land/std@0.163.0/testing/bdd.ts": "35060cefd9cc21b414f4d89453b3551a3d52ec50aeff25db432503c5485b2f72",
    "https://deno.land/std@0.181.0/_util/asserts.ts": "178dfc49a464aee693a7e285567b3d0b555dc805ff490505a8aae34f9cfb1462",
    "https://deno.land/std@0.181.0/_util/os.ts": "d932f56d41e4f6a6093d56044e29ce637f8dcc43c5a90af43504a889cf1775e3",
    "https://deno.land/std@0.181.0/fs/_util.ts": "65381f341af1ff7f40198cee15c20f59951ac26e51ddc651c5293e24f9ce6f32",
    "https://deno.land/std@0.181.0/fs/ensure_dir.ts": "dc64c4c75c64721d4e3fb681f1382f803ff3d2868f08563ff923fdd20d071c40",
    "https://deno.land/std@0.181.0/fs/expand_glob.ts": "e4f56259a0a70fe23f05215b00de3ac5e6ba46646ab2a06ebbe9b010f81c972a",
    "https://deno.land/std@0.181.0/fs/walk.ts": "ea95ffa6500c1eda6b365be488c056edc7c883a1db41ef46ec3bf057b1c0fe32",
    "https://deno.land/std@0.181.0/path/_constants.ts": "e49961f6f4f48039c0dfed3c3f93e963ca3d92791c9d478ac5b43183413136e0",
    "https://deno.land/std@0.181.0/path/_interface.ts": "6471159dfbbc357e03882c2266d21ef9afdb1e4aa771b0545e90db58a0ba314b",
    "https://deno.land/std@0.181.0/path/_util.ts": "d7abb1e0dea065f427b89156e28cdeb32b045870acdf865833ba808a73b576d0",
    "https://deno.land/std@0.181.0/path/common.ts": "ee7505ab01fd22de3963b64e46cff31f40de34f9f8de1fff6a1bd2fe79380000",
    "https://deno.land/std@0.181.0/path/glob.ts": "d479e0a695621c94d3fd7fe7abd4f9499caf32a8de13f25073451c6ef420a4e1",
    "https://deno.land/std@0.181.0/path/mod.ts": "bf718f19a4fdd545aee1b06409ca0805bd1b68ecf876605ce632e932fe54510c",
    "https://deno.land/std@0.181.0/path/posix.ts": "8b7c67ac338714b30c816079303d0285dd24af6b284f7ad63da5b27372a2c94d",
    "https://deno.land/std@0.181.0/path/separator.ts": "0fb679739d0d1d7bf45b68dacfb4ec7563597a902edbaf3c59b50d5bcadd93b1",
    "https://deno.land/std@0.181.0/path/win32.ts": "d186344e5583bcbf8b18af416d13d82b35a317116e6460a5a3953508c3de5bba",
    "https://deno.land/std@0.182.0/_util/asserts.ts": "178dfc49a464aee693a7e285567b3d0b555dc805ff490505a8aae34f9cfb1462",
    "https://deno.land/std@0.182.0/_util/os.ts": "d932f56d41e4f6a6093d56044e29ce637f8dcc43c5a90af43504a889cf1775e3",
    "https://deno.land/std@0.182.0/fmt/colors.ts": "d67e3cd9f472535241a8e410d33423980bec45047e343577554d3356e1f0ef4e",
    "https://deno.land/std@0.182.0/fs/_util.ts": "65381f341af1ff7f40198cee15c20f59951ac26e51ddc651c5293e24f9ce6f32",
    "https://deno.land/std@0.182.0/fs/empty_dir.ts": "c3d2da4c7352fab1cf144a1ecfef58090769e8af633678e0f3fabaef98594688",
    "https://deno.land/std@0.182.0/fs/expand_glob.ts": "e4f56259a0a70fe23f05215b00de3ac5e6ba46646ab2a06ebbe9b010f81c972a",
    "https://deno.land/std@0.182.0/fs/walk.ts": "920be35a7376db6c0b5b1caf1486fb962925e38c9825f90367f8f26b5e5d0897",
    "https://deno.land/std@0.182.0/path/_constants.ts": "e49961f6f4f48039c0dfed3c3f93e963ca3d92791c9d478ac5b43183413136e0",
    "https://deno.land/std@0.182.0/path/_interface.ts": "6471159dfbbc357e03882c2266d21ef9afdb1e4aa771b0545e90db58a0ba314b",
    "https://deno.land/std@0.182.0/path/_util.ts": "d7abb1e0dea065f427b89156e28cdeb32b045870acdf865833ba808a73b576d0",
    "https://deno.land/std@0.182.0/path/common.ts": "ee7505ab01fd22de3963b64e46cff31f40de34f9f8de1fff6a1bd2fe79380000",
    "https://deno.land/std@0.182.0/path/glob.ts": "d479e0a695621c94d3fd7fe7abd4f9499caf32a8de13f25073451c6ef420a4e1",
    "https://deno.land/std@0.182.0/path/mod.ts": "bf718f19a4fdd545aee1b06409ca0805bd1b68ecf876605ce632e932fe54510c",
    "https://deno.land/std@0.182.0/path/posix.ts": "8b7c67ac338714b30c816079303d0285dd24af6b284f7ad63da5b27372a2c94d",
    "https://deno.land/std@0.182.0/path/separator.ts": "0fb679739d0d1d7bf45b68dacfb4ec7563597a902edbaf3c59b50d5bcadd93b1",
    "https://deno.land/std@0.182.0/path/win32.ts": "d186344e5583bcbf8b18af416d13d82b35a317116e6460a5a3953508c3de5bba",
    "https://deno.land/std@0.185.0/fmt/colors.ts": "d67e3cd9f472535241a8e410d33423980bec45047e343577554d3356e1f0ef4e",
    "https://deno.land/std@0.185.0/testing/_diff.ts": "1a3c044aedf77647d6cac86b798c6417603361b66b54c53331b312caeb447aea",
    "https://deno.land/std@0.185.0/testing/_format.ts": "a69126e8a469009adf4cf2a50af889aca364c349797e63174884a52ff75cf4c7",
    "https://deno.land/std@0.185.0/testing/asserts.ts": "e16d98b4d73ffc4ed498d717307a12500ae4f2cbe668f1a215632d19fcffc22f",
    "https://deno.land/std@0.187.0/fmt/colors.ts": "d67e3cd9f472535241a8e410d33423980bec45047e343577554d3356e1f0ef4e",
    "https://deno.land/std@0.187.0/testing/_diff.ts": "1a3c044aedf77647d6cac86b798c6417603361b66b54c53331b312caeb447aea",
    "https://deno.land/std@0.187.0/testing/_format.ts": "a69126e8a469009adf4cf2a50af889aca364c349797e63174884a52ff75cf4c7",
    "https://deno.land/std@0.187.0/testing/asserts.ts": "e16d98b4d73ffc4ed498d717307a12500ae4f2cbe668f1a215632d19fcffc22f",
    "https://deno.land/std@0.97.0/fmt/colors.ts": "db22b314a2ae9430ae7460ce005e0a7130e23ae1c999157e3bb77cf55800f7e4",
    "https://deno.land/std@0.97.0/testing/_diff.ts": "961eaf6d9f5b0a8556c9d835bbc6fa74f5addd7d3b02728ba7936ff93364f7a3",
    "https://deno.land/std@0.97.0/testing/asserts.ts": "341292d12eebc44be4c3c2ca101ba8b6b5859cef2fa69d50c217f9d0bfbcfd1f",
    "https://deno.land/x/code_block_writer@12.0.0/mod.ts": "2c3448060e47c9d08604c8f40dee34343f553f33edcdfebbf648442be33205e5",
    "https://deno.land/x/code_block_writer@12.0.0/utils/string_utils.ts": "60cb4ec8bd335bf241ef785ccec51e809d576ff8e8d29da43d2273b69ce2a6ff",
    "https://deno.land/x/continuation@0.1.5/mod.ts": "690def2735046367b3e1b4bc6e51b5912f2ed09c41c7df7a55c060f23720ad33",
    "https://deno.land/x/deno_cache@0.5.2/auth_tokens.ts": "5d1d56474c54a9d152e44d43ea17c2e6a398dd1e9682c69811a313567c01ee1e",
    "https://deno.land/x/deno_cache@0.5.2/cache.ts": "92ce8511e1e5c00fdf53a41619aa77d632ea8e0fc711324322e4d5ebf8133911",
    "https://deno.land/x/deno_cache@0.5.2/deno_dir.ts": "1ea355b8ba11c630d076b222b197cfc937dd81e5a4a260938997da99e8ff93a0",
    "https://deno.land/x/deno_cache@0.5.2/deps.ts": "26a75905652510b76e54b6d5ef3cf824d1062031e00782efcd768978419224e7",
    "https://deno.land/x/deno_cache@0.5.2/dirs.ts": "009c6f54e0b610914d6ce9f72f6f6ccfffd2d47a79a19061e0a9eb4253836069",
    "https://deno.land/x/deno_cache@0.5.2/disk_cache.ts": "66a1e604a8d564b6dd0500326cac33d08b561d331036bf7272def80f2f7952aa",
    "https://deno.land/x/deno_cache@0.5.2/file_fetcher.ts": "89616c50b6df73fb04e73d0b7cd99e5f2ed7967386913d65b9e8baa4238501f7",
    "https://deno.land/x/deno_cache@0.5.2/http_cache.ts": "407135eaf2802809ed373c230d57da7ef8dff923c4abf205410b9b99886491fd",
    "https://deno.land/x/deno_cache@0.5.2/lib/deno_cache_dir.generated.js": "18b6526d0c50791a73dd0eb894e99de1ac05ee79dcbd53298ff5b5b6b0757fe6",
    "https://deno.land/x/deno_cache@0.5.2/lib/snippets/deno_cache_dir-77bed54ace8005e0/fs.js": "cbe3a976ed63c72c7cb34ef845c27013033a3b11f9d8d3e2c4aa5dda2c0c7af6",
    "https://deno.land/x/deno_cache@0.5.2/mod.ts": "0b4d071ad095128bdc2b1bc6e5d2095222dcbae08287261690ee9757e6300db6",
    "https://deno.land/x/deno_cache@0.5.2/util.ts": "f3f5a0cfc60051f09162942fb0ee87a0e27b11a12aec4c22076e3006be4cc1e2",
    "https://deno.land/x/dir@1.5.1/data_local_dir/mod.ts": "91eb1c4bfadfbeda30171007bac6d85aadacd43224a5ed721bbe56bc64e9eb66",
    "https://deno.land/x/dnt@0.38.1/lib/compiler.ts": "209ad2e1b294f93f87ec02ade9a0821f942d2e524104552d0aa8ff87021050a5",
    "https://deno.land/x/dnt@0.38.1/lib/compiler_transforms.ts": "f21aba052f5dcf0b0595c734450842855c7f572e96165d3d34f8fed2fc1f7ba1",
    "https://deno.land/x/dnt@0.38.1/lib/mod.deps.ts": "30367fc68bcd2acf3b7020cf5cdd26f817f7ac9ac35c4bfb6c4551475f91bc3e",
    "https://deno.land/x/dnt@0.38.1/lib/npm_ignore.ts": "57fbb7e7b935417d225eec586c6aa240288905eb095847d3f6a88e290209df4e",
    "https://deno.land/x/dnt@0.38.1/lib/package_json.ts": "61f35b06e374ed39ca776d29d67df4be7ee809d0bca29a8239687556c6d027c2",
    "https://deno.land/x/dnt@0.38.1/lib/pkg/dnt_wasm.generated.js": "cfb352ae839865f5698c9b35099d4c783510195a1e3c9f9b04d94fac86394ed9",
    "https://deno.land/x/dnt@0.38.1/lib/pkg/snippets/dnt-wasm-a15ef721fa5290c5/helpers.js": "45f74f00472b3a399bc16e5dc056966b55dcdd8fa2bd61505c6dfd2f5d33b9f4",
    "https://deno.land/x/dnt@0.38.1/lib/shims.ts": "df1bd4d9a196dca4b2d512b1564fff64ac6c945189a273d706391f87f210d7e6",
    "https://deno.land/x/dnt@0.38.1/lib/test_runner/get_test_runner_code.ts": "4dc7a73a13b027341c0688df2b29a4ef102f287c126f134c33f69f0339b46968",
    "https://deno.land/x/dnt@0.38.1/lib/test_runner/test_runner.ts": "4d0da0500ec427d5f390d9a8d42fb882fbeccc92c92d66b6f2e758606dbd40e6",
    "https://deno.land/x/dnt@0.38.1/lib/transform.deps.ts": "e42f2bdef46d098453bdba19261a67cf90b583f5d868f7fe83113c1380d9b85c",
    "https://deno.land/x/dnt@0.38.1/lib/types.ts": "b8e228b2fac44c2ae902fbb73b1689f6ab889915bd66486c8a85c0c24255f5fb",
    "https://deno.land/x/dnt@0.38.1/lib/utils.ts": "878b7ac7003a10c16e6061aa49dbef9b42bd43174853ebffc9b67ea47eeb11d8",
    "https://deno.land/x/dnt@0.38.1/mod.ts": "b13349fe77847cf58e26b40bcd58797a8cec5d71b31a1ca567071329c8489de1",
    "https://deno.land/x/dnt@0.38.1/transform.ts": "f68743a14cf9bf53bfc9c81073871d69d447a7f9e3453e0447ca2fb78926bb1d",
    "https://deno.land/x/effection@3.0.0-beta.3/lib/abort-signal.ts": "8be1b331b2bc417d70fe4c07e0b806e89972b8eab519ce58beed7ec632ae9048",
    "https://deno.land/x/effection@3.0.0-beta.3/lib/all.ts": "acadab8258228e290192f587c8c532428f9093337a9b7688ae55cbc2cacd5caf",
    "https://deno.land/x/effection@3.0.0-beta.3/lib/async.ts": "086b27b253be944c47c633d105f1657e243cd8c0d35b9a0dc5383528d7235dde",
    "https://deno.land/x/effection@3.0.0-beta.3/lib/call.ts": "2fe2d0ac5f4bda345ef8627b9047d19336f2926c25cf661bc982b84754aa57fa",
    "https://deno.land/x/effection@3.0.0-beta.3/lib/channel.ts": "f86b36666463f8f86fc1ac1726a94f0f08dc05559ba710b8eb93581b2b8588e6",
    "https://deno.land/x/effection@3.0.0-beta.3/lib/context.ts": "108989ac839d6756e30f6c0afc458bfa3975dd0f970d5173b6b8f8473ce4c335",
    "https://deno.land/x/effection@3.0.0-beta.3/lib/deps.ts": "91062b4b97089a8cf36550d4f9605d325a0fd19bebc72d15524481a3b56ea669",
    "https://deno.land/x/effection@3.0.0-beta.3/lib/each.ts": "9689346d1db3fedcd87d48c70be5515ad3e18fa4b894755fa53910fb8ad356f3",
    "https://deno.land/x/effection@3.0.0-beta.3/lib/ensure.ts": "c3640cc12c1bc747a8a4086af476840db026d04ea22f45a697d53617b2b1cc66",
    "https://deno.land/x/effection@3.0.0-beta.3/lib/events.ts": "d962e7403d62948642f5a3161f611f4375932aa8702050575f0d538aab7c3467",
    "https://deno.land/x/effection@3.0.0-beta.3/lib/filter.ts": "39f349ee921ba718cf3259e05003255eeeafbb5ca6e437d2d269b1805da2236e",
    "https://deno.land/x/effection@3.0.0-beta.3/lib/first.ts": "5bc321069d2e2b87b6623f626a929d5d5ba32bca32ee03b37bdc1a64722eebb9",
    "https://deno.land/x/effection@3.0.0-beta.3/lib/instructions.ts": "5fd8638e385068adc6c1a896bba02b736d7c2c26e5124d3d063fdbcaf140abec",
    "https://deno.land/x/effection@3.0.0-beta.3/lib/lazy.ts": "92ea526c5ad7d88290f2a87168e038d482f97421379508d85cf2e049ee60639b",
    "https://deno.land/x/effection@3.0.0-beta.3/lib/lift.ts": "0c622bf0359f92235547b57efa66139b265a7b259428e6883469de0b3af32f5d",
    "https://deno.land/x/effection@3.0.0-beta.3/lib/main.ts": "a0deaf1d1d958ef7a5821d8ac3dfbd190a47608d603798a5fc3b0c2309a724da",
    "https://deno.land/x/effection@3.0.0-beta.3/lib/map.ts": "1a0c369dad53affc4b798a04142de637a75f981385acafcafd26bdc569675bc2",
    "https://deno.land/x/effection@3.0.0-beta.3/lib/mod.ts": "f7189b02d008baba1166d33779379b12f7104e0b6d373194270ac126a73ba82d",
    "https://deno.land/x/effection@3.0.0-beta.3/lib/pause.ts": "a690b0d67cf970c34f528df8c61d69eb43deda9817362776f6359f506dc0da45",
    "https://deno.land/x/effection@3.0.0-beta.3/lib/pipe.ts": "4a28fa93a1ba53661bafb84265f3fcb5614920bbecc0db1c261e1093da3b2cdf",
    "https://deno.land/x/effection@3.0.0-beta.3/lib/queue.ts": "80c6234cb6eaba9fd1abdae077e73f51897b099ea54f852b9a744e8eba51302f",
    "https://deno.land/x/effection@3.0.0-beta.3/lib/race.ts": "0c43f24ce5006768f5cbac8d6f5dc07848bafa625cc0bc6c24fb6a2f2a8808f2",
    "https://deno.land/x/effection@3.0.0-beta.3/lib/result.ts": "44e4bdadad155beb9bbfe41948819bbcb9e27a772283e52e89981bd6636a8687",
    "https://deno.land/x/effection@3.0.0-beta.3/lib/run.ts": "b85043bc8b30c0eb0d04654cdd07004b21145f2e3f59f52e39df76558e324ca4",
    "https://deno.land/x/effection@3.0.0-beta.3/lib/run/create.ts": "be9139af2fbe15908256d2d159dec8dca079f94cf02d488074c94fa26fc651fa",
    "https://deno.land/x/effection@3.0.0-beta.3/lib/run/frame.ts": "132fdace9c00e6ad0e249d7faab1c33680336c5fa8e4a893f092ecec4e2df786",
    "https://deno.land/x/effection@3.0.0-beta.3/lib/run/scope.ts": "e1c195fd4f954e4b525db25fb1db79447e745b2c0bb7c74a8a31ca58b1f4e64e",
    "https://deno.land/x/effection@3.0.0-beta.3/lib/run/task.ts": "7084b9cabdc338c776dc522ec8b677fb3ac41aa0c94e454d467731494cb68737",
    "https://deno.land/x/effection@3.0.0-beta.3/lib/run/types.ts": "010bea700f68fef99dd87ca5ca3cbbc90e026ac467889d8429d39cba0ee55fda",
    "https://deno.land/x/effection@3.0.0-beta.3/lib/run/value.ts": "d57428b45dfeecc9df1e68dadf8697dbc33cd412e6ffcab9d0ba4368e8c1fbd6",
    "https://deno.land/x/effection@3.0.0-beta.3/lib/shift-sync.ts": "74ecefa9cb2e145a3c52f363319f8d6296b804600852044b7d14bd53bc10b512",
    "https://deno.land/x/effection@3.0.0-beta.3/lib/signal.ts": "da723b43b6bd61ea86dab991e9a6c6249a61d3b1c3c98ef473b160c9383e7d07",
    "https://deno.land/x/effection@3.0.0-beta.3/lib/sleep.ts": "44e3a80248dad7a47066a99a7daec9b318e87d5d211adf27776145544d455689",
    "https://deno.land/x/effection@3.0.0-beta.3/lib/types.ts": "9738143fe6bfd5709a6ff10b6dd065582cfaca1167bf57902cb7bcca89b53dc4",
    "https://deno.land/x/effection@3.0.0-beta.3/mod.ts": "ffae461c16d4a1bf24c2179582ab8d5c81ad0df61e4ae2fba51ef5e5bdf90345",
    "https://deno.land/x/expect@v0.3.0/expect.ts": "5e6717eddc9df376f7b2c9be6403e016130bb2edbb1acd261a2d6ea9608ee196",
    "https://deno.land/x/expect@v0.3.0/matchers.ts": "a37ef4577739247af77a852cdcd69484f999a41ad86ec16bb63a88a7a47a2372",
    "https://deno.land/x/expect@v0.3.0/mock.ts": "562d4b1d735d15b0b8e935f342679096b64fe452f86e96714fe8616c0c884914",
    "https://deno.land/x/expect@v0.3.0/mod.ts": "0304d2430e1e96ba669a8495e24ba606dcc3d152e1f81aaa8da898cea24e36c2",
    "https://deno.land/x/mock_fetch@0.3.0/mod.ts": "7e7806c65ab17b2b684c334c4e565812bdaf504a3e9c938d2bb52bb67428bc89",
    "https://deno.land/x/ts_morph@18.0.0/bootstrap/mod.ts": "b53aad517f106c4079971fcd4a81ab79fadc40b50061a3ab2b741a09119d51e9",
    "https://deno.land/x/ts_morph@18.0.0/bootstrap/ts_morph_bootstrap.js": "6645ac03c5e6687dfa8c78109dc5df0250b811ecb3aea2d97c504c35e8401c06",
    "https://deno.land/x/ts_morph@18.0.0/common/DenoRuntime.ts": "6a7180f0c6e90dcf23ccffc86aa8271c20b1c4f34c570588d08a45880b7e172d",
    "https://deno.land/x/ts_morph@18.0.0/common/mod.ts": "01985d2ee7da8d1caee318a9d07664774fbee4e31602bc2bb6bb62c3489555ed",
    "https://deno.land/x/ts_morph@18.0.0/common/ts_morph_common.js": "845671ca951073400ce142f8acefa2d39ea9a51e29ca80928642f3f8cf2b7700",
    "https://deno.land/x/ts_morph@18.0.0/common/typescript.js": "d5c598b6a2db2202d0428fca5fd79fc9a301a71880831a805d778797d2413c59",
    "https://deno.land/x/wasmbuild@0.15.0/cache.ts": "89eea5f3ce6035a1164b3e655c95f21300498920575ade23161421f5b01967f4",
    "https://deno.land/x/wasmbuild@0.15.0/loader.ts": "d98d195a715f823151cbc8baa3f32127337628379a02d9eb2a3c5902dbccfc02",
    "https://esm.sh/immer@10.0.2?pin=v122": "7ac87b9c76176de8384a67f8cd93d44f75be1a7496c92707252acb669595c393",
    "https://esm.sh/react-redux@8.0.5?pin=v122": "fa98e94dc8803fb84bee9eb08a13f11833f634d381003247207682823887dc51",
    "https://esm.sh/react@18.2.0?pin=v122": "8950a34a030620fce8349d6bd3913b3bdb186c5ec7968fa5ba4d054e22d78e6c",
    "https://esm.sh/reselect@4.1.8?pin=v122": "486407fec8db8f0c87ba540ff6457dbec3c8ec8fa93a4845383bc8cdb33c6008",
    "https://esm.sh/stable/react@18.2.0/denonext/react.mjs": "3c4f23bcfc53b256fcfaf6f834fa9f584c3bb7be667b2682c6cb6ba8ef88f8e6",
    "https://esm.sh/v122/@babel/runtime@7.22.5/denonext/helpers/esm/extends.js": "3955a0ef35db01cd4efff831a9027924f90fa7d55621cd2b6b8519283e573c21",
    "https://esm.sh/v122/@babel/runtime@7.22.5/denonext/helpers/esm/objectWithoutPropertiesLoose.js": "fae2539db9a813ad1aab88d10a58d81d9403d242fb3f405e9070fc01c2d8808b",
    "https://esm.sh/v122/hoist-non-react-statics@3.3.2/denonext/hoist-non-react-statics.mjs": "41018d0142e45a133637f9a3e4da6b8babc22cab2b3ec05cfb202a727da5a0cb",
    "https://esm.sh/v122/immer@10.0.2/denonext/immer.mjs": "694ebf85b769db4d026ec4b9655a8caaa6ce51776d857df7cedf3fa4774d5297",
    "https://esm.sh/v122/react-dom@18.2.0/denonext/react-dom.mjs": "6efaa0beeb36e4c6567824ef5b24ed7856b64e30ec245fbaedf8bed748e6e121",
    "https://esm.sh/v122/react-is@16.13.1/denonext/react-is.mjs": "4fc2bb5cfecb53c0f28cd7b730101ff83c05ca06fdd373bc2d6a9bdf662f96d4",
    "https://esm.sh/v122/react-is@18.2.0/denonext/react-is.mjs": "07ca6a7473ccbb06466e805c8253ade80bd664a0f486cf020864c22c27a60479",
    "https://esm.sh/v122/react-redux@8.0.5/denonext/react-redux.mjs": "eeba4c3485907ed356f889ce071f63fde42e8397f14dede20d9732e5be188294",
    "https://esm.sh/v122/reselect@4.1.8/denonext/reselect.mjs": "f8199f9e44453876a9ea6b5d1caedc0fe1ae789a73217543b1e6193e1edc0db7",
    "https://esm.sh/v122/scheduler@0.23.0/denonext/scheduler.mjs": "69005eb830c0a486d51875e52d1a85443dc8d32b0b6ad1e3f06baceb55ed4cba",
    "https://esm.sh/v122/use-sync-external-store@1.2.0/denonext/cjs/use-sync-external-store-shim.production.min.js": "5be7011cae1c9c79ad30989c95370a6d97083e01bb98ba76a333347e03af85db",
    "https://esm.sh/v122/use-sync-external-store@1.2.0/denonext/cjs/use-sync-external-store-shim/with-selector.production.min.js": "5fdb24919bfa6f0c749ce7dab27e1f3a9c4d246ec4727de5ebfbbd7640c1ee58",
    "https://esm.sh/v122/use-sync-external-store@1.2.0/denonext/shim.js": "1f6aef1d1752cc8267b0252931ddd0bf92df44016ab573b0decaf2c8935cb01b",
    "https://esm.sh/v122/use-sync-external-store@1.2.0/denonext/shim/with-selector.js": "4e787e36c6f83276e81b7818e316658e66c392ad69c60db1fbf87073d990f28c"
  }
}
