{
  "version": "4",
  "specifiers": {
    "jsr:@std/assert@*": "1.0.10",
    "jsr:@std/assert@^1.0.10": "1.0.10",
    "jsr:@std/expect@*": "1.0.10",
    "jsr:@std/internal@^1.0.5": "1.0.5",
    "jsr:@std/testing@*": "1.0.8",
    "npm:effection@4.0.0-alpha.5": "4.0.0-alpha.5",
    "npm:effection@4.0.0-alpha.7": "4.0.0-alpha.7",
    "npm:immer@^10.0.2": "10.1.1",
    "npm:react-redux@^8.0.5": "8.1.3_react@18.3.1",
    "npm:react@^18.2.0": "18.3.1",
    "npm:reselect@^4.1.8": "4.1.8"
  },
  "jsr": {
    "@std/assert@1.0.10": {
      "integrity": "59b5cbac5bd55459a19045d95cc7c2ff787b4f8527c0dd195078ff6f9481fbb3",
      "dependencies": [
        "jsr:@std/internal"
      ]
    },
    "@std/expect@1.0.10": {
      "integrity": "7659b640447887cd1735f866962e10e434f12443b13595b149970c806e6f08db",
      "dependencies": [
        "jsr:@std/assert@^1.0.10",
        "jsr:@std/internal"
      ]
    },
    "@std/internal@1.0.5": {
      "integrity": "54a546004f769c1ac9e025abd15a76b6671ddc9687e2313b67376125650dc7ba"
    },
    "@std/testing@1.0.8": {
      "integrity": "ceef535808fb7568e91b0f8263599bd29b1c5603ffb0377227f00a8ca9fe42a2",
      "dependencies": [
        "jsr:@std/assert@^1.0.10",
        "jsr:@std/internal"
      ]
    }
  },
  "npm": {
    "@babel/runtime@7.26.0": {
      "integrity": "sha512-FDSOghenHTiToteC/QRlv2q3DhPZ/oOXTBoirfWNx1Cx3TMVcGWQtMMmQcSvb/JjpNeGzx8Pq/b4fKEJuWm1sw==",
      "dependencies": [
        "regenerator-runtime"
      ]
    },
    "@types/hoist-non-react-statics@3.3.6": {
      "integrity": "sha512-lPByRJUer/iN/xa4qpyL0qmL11DqNW81iU/IG1S3uvRUq4oKagz8VCxZjiWkumgt66YT3vOdDgZ0o32sGKtCEw==",
      "dependencies": [
        "@types/react",
        "hoist-non-react-statics"
      ]
    },
    "@types/react@19.0.2": {
      "integrity": "sha512-USU8ZI/xyKJwFTpjSVIrSeHBVAGagkHQKPNbxeWwql/vDmnTIBgx+TJnhFnj1NXgz8XfprU0egV2dROLGpsBEg==",
      "dependencies": [
        "csstype"
      ]
    },
    "@types/use-sync-external-store@0.0.3": {
      "integrity": "sha512-EwmlvuaxPNej9+T4v5AuBPJa2x2UOJVdjCtDHgcDqitUeOtjnJKJ+apYjVcAoBEMjKW1VVFGZLUb5+qqa09XFA=="
    },
    "csstype@3.1.3": {
      "integrity": "sha512-M1uQkMl8rQK/szD0LNhtqxIPLpimGm8sOBwU7lLnCpSbTyY3yeU1Vc7l4KT5zT4s/yOxHH5O7tIuuLOCnLADRw=="
    },
    "effection@4.0.0-alpha.5": {
      "integrity": "sha512-7s8dwQF8oqOxtsUrFMRQBUOWXq23Khb/IYurwqEnSTUwsgkSgQww/9A9aBwdRQ1hMmELouy/YkvhC7e9oGQfbA=="
    },
    "effection@4.0.0-alpha.7": {
      "integrity": "sha512-4d6ox/RIMIqpmRU/FFSOJsScXsRj3KTAnsm2oy2nYqcKT/VVK/UhLka9j6EbttY5W5rt7dC6aofYdu5GPM/j7g=="
    },
    "hoist-non-react-statics@3.3.2": {
      "integrity": "sha512-/gGivxi8JPKWNm/W0jSmzcMPpfpPLc3dY/6GxhX2hQ9iGj3aDfklV4ET7NjKpSinLpJ5vafa9iiGIEZg10SfBw==",
      "dependencies": [
        "react-is@16.13.1"
      ]
    },
    "immer@10.1.1": {
      "integrity": "sha512-s2MPrmjovJcoMaHtx6K11Ra7oD05NT97w1IC5zpMkT6Atjr7H8LjaDd81iIxUYpMKSRRNMJE703M1Fhr/TctHw=="
    },
    "js-tokens@4.0.0": {
      "integrity": "sha512-RdJUflcE3cUzKiMqQgsCu06FPu9UdIJO0beYbPhHN4k6apgJtifcoCtT9bcxOpYBtpD2kCM6Sbzg4CausW/PKQ=="
    },
    "loose-envify@1.4.0": {
      "integrity": "sha512-lyuxPGr/Wfhrlem2CL/UcnUc1zcqKAImBDzukY7Y5F/yQiNdko6+fRLevlw1HgMySw7f611UIY408EtxRSoK3Q==",
      "dependencies": [
        "js-tokens"
      ]
    },
    "react-is@16.13.1": {
      "integrity": "sha512-24e6ynE2H+OKt4kqsOvNd8kBpV65zoxbA4BVsEOB3ARVWQki/DHzaUoC5KuON/BiccDaCCTZBuOcfZs70kR8bQ=="
    },
    "react-is@18.3.1": {
      "integrity": "sha512-/LLMVyas0ljjAtoYiPqYiL8VWXzUUdThrmU5+n20DZv+a+ClRoevUzw5JxU+Ieh5/c87ytoTBV9G1FiKfNJdmg=="
    },
    "react-redux@8.1.3_react@18.3.1": {
      "integrity": "sha512-n0ZrutD7DaX/j9VscF+uTALI3oUPa/pO4Z3soOBIjuRn/FzVu6aehhysxZCLi6y7duMf52WNZGMl7CtuK5EnRw==",
      "dependencies": [
        "@babel/runtime",
        "@types/hoist-non-react-statics",
        "@types/use-sync-external-store",
        "hoist-non-react-statics",
        "react",
        "react-is@18.3.1",
        "use-sync-external-store"
      ]
    },
    "react@18.3.1": {
      "integrity": "sha512-wS+hAgJShR0KhEvPJArfuPVN1+Hz1t0Y6n5jLrGQbkb4urgPE/0Rve+1kMB1v/oWgHgm4WIcV+i7F2pTVj+2iQ==",
      "dependencies": [
        "loose-envify"
      ]
    },
    "regenerator-runtime@0.14.1": {
      "integrity": "sha512-dYnhHh0nJoMfnkZs6GmmhFknAGRrLznOu5nc9ML+EJxGvrx6H7teuevqVqCuPcPK//3eDrrjQhehXVx9cnkGdw=="
    },
    "reselect@4.1.8": {
      "integrity": "sha512-ab9EmR80F/zQTMNeneUr4cv+jSwPJgIlvEmVwLerwrWVbpLlBuls9XHzIeTFy4cegU2NHBp3va0LKOzU5qFEYQ=="
    },
    "use-sync-external-store@1.4.0_react@18.3.1": {
      "integrity": "sha512-9WXSPC5fMv61vaupRkCKCxsPxBocVnwakBEkMIHHpkTTg6icbJtg6jzgtLDm4bl3cSHAca52rYWih0k4K3PfHw==",
      "dependencies": [
        "react"
      ]
    }
  },
  "redirects": {
    "https://crux.land/api/get/2KNRVU": "https://crux.land/api/get/2KNRVU.ts",
    "https://crux.land/api/get/router@0.0.5": "https://crux.land/api/get/2KNRVU",
    "https://crux.land/router@0.0.5": "https://crux.land/api/get/router@0.0.5",
    "https://esm.sh/v135/@types/react@~18.2/index.d.ts": "https://esm.sh/v135/@types/react@18.2.38/index.d.ts"
  },
  "remote": {
    "https://crux.land/api/get/2KNRVU.ts": "6a77d55844aba78d01520c5ff0b2f0af7f24cc1716a0de8b3bb6bd918c47b5ba",
    "https://deno.land/std@0.158.0/fmt/colors.ts": "ff7dc9c9f33a72bd48bc24b21bbc1b4545d8494a431f17894dbc5fe92a938fc4",
    "https://deno.land/std@0.158.0/testing/_diff.ts": "a23e7fc2b4d8daa3e158fa06856bedf5334ce2a2831e8bf9e509717f455adb2c",
    "https://deno.land/std@0.158.0/testing/_format.ts": "cd11136e1797791045e639e9f0f4640d5b4166148796cad37e6ef75f7d7f3832",
    "https://deno.land/std@0.158.0/testing/asserts.ts": "8696c488bc98d8d175e74dc652a0ffbc7fca93858da01edc57ed33c1148345da",
    "https://deno.land/x/continuation@0.1.5/mod.ts": "690def2735046367b3e1b4bc6e51b5912f2ed09c41c7df7a55c060f23720ad33",
    "https://deno.land/x/effection@3.0.0-beta.3/lib/abort-signal.ts": "8be1b331b2bc417d70fe4c07e0b806e89972b8eab519ce58beed7ec632ae9048",
    "https://deno.land/x/effection@3.0.0-beta.3/lib/all.ts": "acadab8258228e290192f587c8c532428f9093337a9b7688ae55cbc2cacd5caf",
    "https://deno.land/x/effection@3.0.0-beta.3/lib/async.ts": "086b27b253be944c47c633d105f1657e243cd8c0d35b9a0dc5383528d7235dde",
    "https://deno.land/x/effection@3.0.0-beta.3/lib/call.ts": "2fe2d0ac5f4bda345ef8627b9047d19336f2926c25cf661bc982b84754aa57fa",
    "https://deno.land/x/effection@3.0.0-beta.3/lib/channel.ts": "f86b36666463f8f86fc1ac1726a94f0f08dc05559ba710b8eb93581b2b8588e6",
    "https://deno.land/x/effection@3.0.0-beta.3/lib/context.ts": "108989ac839d6756e30f6c0afc458bfa3975dd0f970d5173b6b8f8473ce4c335",
    "https://deno.land/x/effection@3.0.0-beta.3/lib/deps.ts": "91062b4b97089a8cf36550d4f9605d325a0fd19bebc72d15524481a3b56ea669",
    "https://deno.land/x/effection@3.0.0-beta.3/lib/each.ts": "9689346d1db3fedcd87d48c70be5515ad3e18fa4b894755fa53910fb8ad356f3",
    "https://deno.land/x/effection@3.0.0-beta.3/lib/ensure.ts": "c3640cc12c1bc747a8a4086af476840db026d04ea22f45a697d53617b2b1cc66",
    "https://deno.land/x/effection@3.0.0-beta.3/lib/events.ts": "d962e7403d62948642f5a3161f611f4375932aa8702050575f0d538aab7c3467",
    "https://deno.land/x/effection@3.0.0-beta.3/lib/filter.ts": "39f349ee921ba718cf3259e05003255eeeafbb5ca6e437d2d269b1805da2236e",
    "https://deno.land/x/effection@3.0.0-beta.3/lib/first.ts": "5bc321069d2e2b87b6623f626a929d5d5ba32bca32ee03b37bdc1a64722eebb9",
    "https://deno.land/x/effection@3.0.0-beta.3/lib/instructions.ts": "5fd8638e385068adc6c1a896bba02b736d7c2c26e5124d3d063fdbcaf140abec",
    "https://deno.land/x/effection@3.0.0-beta.3/lib/lazy.ts": "92ea526c5ad7d88290f2a87168e038d482f97421379508d85cf2e049ee60639b",
    "https://deno.land/x/effection@3.0.0-beta.3/lib/lift.ts": "0c622bf0359f92235547b57efa66139b265a7b259428e6883469de0b3af32f5d",
    "https://deno.land/x/effection@3.0.0-beta.3/lib/main.ts": "a0deaf1d1d958ef7a5821d8ac3dfbd190a47608d603798a5fc3b0c2309a724da",
    "https://deno.land/x/effection@3.0.0-beta.3/lib/map.ts": "1a0c369dad53affc4b798a04142de637a75f981385acafcafd26bdc569675bc2",
    "https://deno.land/x/effection@3.0.0-beta.3/lib/mod.ts": "f7189b02d008baba1166d33779379b12f7104e0b6d373194270ac126a73ba82d",
    "https://deno.land/x/effection@3.0.0-beta.3/lib/pause.ts": "a690b0d67cf970c34f528df8c61d69eb43deda9817362776f6359f506dc0da45",
    "https://deno.land/x/effection@3.0.0-beta.3/lib/pipe.ts": "4a28fa93a1ba53661bafb84265f3fcb5614920bbecc0db1c261e1093da3b2cdf",
    "https://deno.land/x/effection@3.0.0-beta.3/lib/queue.ts": "80c6234cb6eaba9fd1abdae077e73f51897b099ea54f852b9a744e8eba51302f",
    "https://deno.land/x/effection@3.0.0-beta.3/lib/race.ts": "0c43f24ce5006768f5cbac8d6f5dc07848bafa625cc0bc6c24fb6a2f2a8808f2",
    "https://deno.land/x/effection@3.0.0-beta.3/lib/result.ts": "44e4bdadad155beb9bbfe41948819bbcb9e27a772283e52e89981bd6636a8687",
    "https://deno.land/x/effection@3.0.0-beta.3/lib/run.ts": "b85043bc8b30c0eb0d04654cdd07004b21145f2e3f59f52e39df76558e324ca4",
    "https://deno.land/x/effection@3.0.0-beta.3/lib/run/create.ts": "be9139af2fbe15908256d2d159dec8dca079f94cf02d488074c94fa26fc651fa",
    "https://deno.land/x/effection@3.0.0-beta.3/lib/run/frame.ts": "132fdace9c00e6ad0e249d7faab1c33680336c5fa8e4a893f092ecec4e2df786",
    "https://deno.land/x/effection@3.0.0-beta.3/lib/run/scope.ts": "e1c195fd4f954e4b525db25fb1db79447e745b2c0bb7c74a8a31ca58b1f4e64e",
    "https://deno.land/x/effection@3.0.0-beta.3/lib/run/task.ts": "7084b9cabdc338c776dc522ec8b677fb3ac41aa0c94e454d467731494cb68737",
    "https://deno.land/x/effection@3.0.0-beta.3/lib/run/types.ts": "010bea700f68fef99dd87ca5ca3cbbc90e026ac467889d8429d39cba0ee55fda",
    "https://deno.land/x/effection@3.0.0-beta.3/lib/run/value.ts": "d57428b45dfeecc9df1e68dadf8697dbc33cd412e6ffcab9d0ba4368e8c1fbd6",
    "https://deno.land/x/effection@3.0.0-beta.3/lib/shift-sync.ts": "74ecefa9cb2e145a3c52f363319f8d6296b804600852044b7d14bd53bc10b512",
    "https://deno.land/x/effection@3.0.0-beta.3/lib/signal.ts": "da723b43b6bd61ea86dab991e9a6c6249a61d3b1c3c98ef473b160c9383e7d07",
    "https://deno.land/x/effection@3.0.0-beta.3/lib/sleep.ts": "44e3a80248dad7a47066a99a7daec9b318e87d5d211adf27776145544d455689",
    "https://deno.land/x/effection@3.0.0-beta.3/lib/types.ts": "9738143fe6bfd5709a6ff10b6dd065582cfaca1167bf57902cb7bcca89b53dc4",
    "https://deno.land/x/effection@3.0.0-beta.3/mod.ts": "ffae461c16d4a1bf24c2179582ab8d5c81ad0df61e4ae2fba51ef5e5bdf90345",
    "https://deno.land/x/mock_fetch@0.3.0/mod.ts": "7e7806c65ab17b2b684c334c4e565812bdaf504a3e9c938d2bb52bb67428bc89",
    "https://esm.sh/immer@10.0.2?pin=v135": "c9a37633ebd7643f9618f0e3263ca12dc16eecb898feb579f94cc81c4a367c20",
    "https://esm.sh/react-redux@8.0.5?pin=v135": "f4407491c014946b8bed7e54c27e11edb42de4e3199af43c27884b143436d5f5",
    "https://esm.sh/react@18.2.0?pin=v135": "04ad7dc6d11fa27b24c136686a334ecdd19e972fae627cd98cbdc13cdac238c2",
    "https://esm.sh/reselect@4.1.8?pin=v135": "a88008b1d6ad1c4e4023172edebfe699cf9e8e0716132a48bb9f24617d478f4d",
    "https://esm.sh/stable/react@18.2.0/denonext/react.mjs": "3c4f23bcfc53b256fcfaf6f834fa9f584c3bb7be667b2682c6cb6ba8ef88f8e6",
    "https://esm.sh/stable/react@18.3.1/denonext/react.mjs": "fc048ffc55366baf7669519127d186761db72046e2bebf35fe8d0de3964defa3",
    "https://esm.sh/stable/react@19.0.0/denonext/react.mjs": "79056e5ef2a1c9601ae005ce23828f148d5e47291a65c573b275e19f19fa282f",
    "https://esm.sh/v135/@babel/runtime@7.24.4/denonext/helpers/esm/extends.js": "6945975ff02714e9d9e48cc7b2b84215c7f0bcf77b407c7499e497b20d2d7f6b",
    "https://esm.sh/v135/@babel/runtime@7.24.4/denonext/helpers/esm/objectWithoutPropertiesLoose.js": "476b0a7a26e15b0defbc5505ae3f4c7ef4a52e350eb861e090c4ea00f4a80670",
    "https://esm.sh/v135/@babel/runtime@7.26.0/denonext/helpers/esm/extends.js": "9c4bf30c0ad96abb55ca7cda2f05685069d3c4f8bfd2fba5735dfbc040e39beb",
    "https://esm.sh/v135/@babel/runtime@7.26.0/denonext/helpers/esm/objectWithoutPropertiesLoose.js": "1fffdffb33d197b964c753ebd42f4ab5bf3189860ec00ec2ece9b596785e06df",
    "https://esm.sh/v135/hoist-non-react-statics@3.3.2/denonext/hoist-non-react-statics.mjs": "1e1b0fbe9a9537eb408d6e7017e668b1381814eb9592a1dd18c39ee09a6d9fbb",
    "https://esm.sh/v135/immer@10.0.2/denonext/immer.mjs": "e23064a10c38638e3fa18f56a8864b32a41551e0c4dd32b18008431c57629e88",
    "https://esm.sh/v135/react-dom@18.2.0/denonext/react-dom.mjs": "8191fc377ea7083cca5640699c4abd75de033089eb932799e29aa04bb136838f",
    "https://esm.sh/v135/react-dom@18.3.1/denonext/react-dom.mjs": "0c4ad76e514ad1c9d8987d49679c5f2a6299b34c1b7fbf10a5da056ae4a0963f",
    "https://esm.sh/v135/react-is@16.13.1/denonext/react-is.mjs": "4fc2bb5cfecb53c0f28cd7b730101ff83c05ca06fdd373bc2d6a9bdf662f96d4",
    "https://esm.sh/v135/react-is@18.2.0/denonext/react-is.mjs": "07ca6a7473ccbb06466e805c8253ade80bd664a0f486cf020864c22c27a60479",
    "https://esm.sh/v135/react-is@18.3.1/denonext/react-is.mjs": "415473e8864f8022052049e9203c542bbe24f901dee5e66ae07c887356e6a278",
    "https://esm.sh/v135/react-redux@8.0.5/denonext/react-redux.mjs": "aad652363f5339e3814db446148deb093aadf80d57f8dc8d10d4c43b066b258c",
    "https://esm.sh/v135/reselect@4.1.8/denonext/reselect.mjs": "f8199f9e44453876a9ea6b5d1caedc0fe1ae789a73217543b1e6193e1edc0db7",
    "https://esm.sh/v135/scheduler@0.23.0/denonext/scheduler.mjs": "cdbc6d2823e2c6fffcb14501146ff2602a38c48d3c9dd9268f308e833ede2b49",
    "https://esm.sh/v135/scheduler@0.23.2/denonext/scheduler.mjs": "dc96e5be52b14a40ce36295d938d5211e520c4da3183fe2ad4283ed103747d82",
    "https://esm.sh/v135/use-sync-external-store@1.2.0/denonext/shim.js": "ee51a93766077d32104ee8090cafb05c1bd2e23e256f3516368f8e9a8516f177",
    "https://esm.sh/v135/use-sync-external-store@1.2.0/denonext/shim/with-selector.js": "6aaca98d5bc53815f1c14fb8d096f13d41ecf99d91923fa831bc19a880ba929d",
    "https://esm.sh/v135/use-sync-external-store@1.4.0/denonext/shim.js": "56a0f587507b9c77dfe311d2f55eba84341f559f94b3f660edd3ba43693ba3dc",
    "https://esm.sh/v135/use-sync-external-store@1.4.0/denonext/shim/with-selector.js": "0dabd5368d24d1296688b679a9e1a123d5fccca41710f4e3b639af05cb366ad4"
  },
  "workspace": {
    "dependencies": [
      "npm:immer@^10.0.2",
      "npm:react-dom@^18.2.0",
      "npm:react-redux@^8.0.5",
      "npm:react@^18.2.0",
      "npm:reselect@^4.1.8"
    ]
  }
}
