{
  "version": "4",
<<<<<<< HEAD
<<<<<<< HEAD
  "specifiers": {
    "jsr:@david/code-block-writer@^13.0.2": "13.0.3",
    "jsr:@deno/cache-dir@~0.10.3": "0.10.3",
    "jsr:@deno/dnt@0.41.3": "0.41.3",
    "jsr:@std/assert@*": "1.0.10",
    "jsr:@std/assert@0.223": "0.223.0",
    "jsr:@std/assert@0.226": "0.226.0",
    "jsr:@std/assert@^1.0.10": "1.0.10",
    "jsr:@std/bytes@0.223": "0.223.0",
    "jsr:@std/expect@*": "1.0.10",
    "jsr:@std/fmt@0.223": "0.223.0",
    "jsr:@std/fmt@1": "1.0.3",
    "jsr:@std/fs@0.223": "0.223.0",
    "jsr:@std/fs@1": "1.0.8",
    "jsr:@std/fs@~0.229.3": "0.229.3",
    "jsr:@std/internal@^1.0.5": "1.0.5",
    "jsr:@std/io@0.223": "0.223.0",
    "jsr:@std/path@0.223": "0.223.0",
    "jsr:@std/path@1": "1.0.8",
    "jsr:@std/path@1.0.0-rc.1": "1.0.0-rc.1",
    "jsr:@std/path@^1.0.8": "1.0.8",
    "jsr:@std/path@~0.225.2": "0.225.2",
    "jsr:@std/testing@*": "1.0.8",
    "jsr:@ts-morph/bootstrap@0.24": "0.24.0",
    "jsr:@ts-morph/common@0.24": "0.24.0",
    "npm:effection@*": "3.0.3",
    "npm:immer@^10.0.2": "10.1.1",
    "npm:react-dom@^18.2.0": "18.2.0_react@18.3.1",
    "npm:react-redux@^8.0.5": "8.1.3_react@18.3.1_react-dom@18.2.0__react@18.3.1",
    "npm:react@^18.2.0": "18.3.1",
    "npm:reselect@^4.1.8": "4.1.8"
  },
  "jsr": {
    "@david/code-block-writer@13.0.3": {
      "integrity": "f98c77d320f5957899a61bfb7a9bead7c6d83ad1515daee92dbacc861e13bb7f"
    },
    "@deno/cache-dir@0.10.3": {
      "integrity": "eb022f84ecc49c91d9d98131c6e6b118ff63a29e343624d058646b9d50404776",
      "dependencies": [
        "jsr:@std/fmt@0.223",
        "jsr:@std/fs@0.223",
        "jsr:@std/io",
        "jsr:@std/path@0.223"
      ]
    },
    "@deno/dnt@0.41.3": {
      "integrity": "b2ef2c8a5111eef86cb5bfcae103d6a2938e8e649e2461634a7befb7fc59d6d2",
      "dependencies": [
        "jsr:@david/code-block-writer",
        "jsr:@deno/cache-dir",
        "jsr:@std/fmt@1",
        "jsr:@std/fs@1",
        "jsr:@std/path@1",
        "jsr:@ts-morph/bootstrap"
      ]
    },
    "@std/assert@0.223.0": {
      "integrity": "eb8d6d879d76e1cc431205bd346ed4d88dc051c6366365b1af47034b0670be24"
    },
    "@std/assert@0.226.0": {
      "integrity": "0dfb5f7c7723c18cec118e080fec76ce15b4c31154b15ad2bd74822603ef75b3"
    },
    "@std/assert@1.0.10": {
      "integrity": "59b5cbac5bd55459a19045d95cc7c2ff787b4f8527c0dd195078ff6f9481fbb3",
      "dependencies": [
        "jsr:@std/internal"
      ]
    },
    "@std/bytes@0.223.0": {
      "integrity": "84b75052cd8680942c397c2631318772b295019098f40aac5c36cead4cba51a8"
    },
    "@std/expect@1.0.10": {
      "integrity": "7659b640447887cd1735f866962e10e434f12443b13595b149970c806e6f08db",
      "dependencies": [
        "jsr:@std/assert@^1.0.10",
        "jsr:@std/internal"
      ]
    },
    "@std/fmt@0.223.0": {
      "integrity": "6deb37794127dfc7d7bded2586b9fc6f5d50e62a8134846608baf71ffc1a5208"
    },
    "@std/fmt@1.0.3": {
      "integrity": "97765c16aa32245ff4e2204ecf7d8562496a3cb8592340a80e7e554e0bb9149f"
    },
    "@std/fs@0.223.0": {
      "integrity": "3b4b0550b2c524cbaaa5a9170c90e96cbb7354e837ad1bdaf15fc9df1ae9c31c"
    },
    "@std/fs@0.229.3": {
      "integrity": "783bca21f24da92e04c3893c9e79653227ab016c48e96b3078377ebd5222e6eb",
      "dependencies": [
        "jsr:@std/path@1.0.0-rc.1"
      ]
    },
    "@std/fs@1.0.8": {
      "integrity": "161c721b6f9400b8100a851b6f4061431c538b204bb76c501d02c508995cffe0",
      "dependencies": [
        "jsr:@std/path@^1.0.8"
      ]
    },
    "@std/internal@1.0.5": {
      "integrity": "54a546004f769c1ac9e025abd15a76b6671ddc9687e2313b67376125650dc7ba"
    },
    "@std/io@0.223.0": {
      "integrity": "2d8c3c2ab3a515619b90da2c6ff5ea7b75a94383259ef4d02116b228393f84f1",
      "dependencies": [
        "jsr:@std/assert@0.223",
        "jsr:@std/bytes"
      ]
    },
    "@std/path@0.223.0": {
      "integrity": "593963402d7e6597f5a6e620931661053572c982fc014000459edc1f93cc3989",
      "dependencies": [
        "jsr:@std/assert@0.223"
      ]
    },
    "@std/path@0.225.2": {
      "integrity": "0f2db41d36b50ef048dcb0399aac720a5348638dd3cb5bf80685bf2a745aa506",
      "dependencies": [
        "jsr:@std/assert@0.226"
      ]
    },
    "@std/path@1.0.0-rc.1": {
      "integrity": "b8c00ae2f19106a6bb7cbf1ab9be52aa70de1605daeb2dbdc4f87a7cbaf10ff6"
    },
    "@std/path@1.0.8": {
      "integrity": "548fa456bb6a04d3c1a1e7477986b6cffbce95102d0bb447c67c4ee70e0364be"
    },
    "@std/testing@1.0.8": {
      "integrity": "ceef535808fb7568e91b0f8263599bd29b1c5603ffb0377227f00a8ca9fe42a2",
      "dependencies": [
        "jsr:@std/assert@^1.0.10",
        "jsr:@std/internal"
      ]
    },
    "@ts-morph/bootstrap@0.24.0": {
      "integrity": "a826a2ef7fa8a7c3f1042df2c034d20744d94da2ee32bf29275bcd4dffd3c060",
      "dependencies": [
        "jsr:@ts-morph/common"
      ]
    },
    "@ts-morph/common@0.24.0": {
      "integrity": "12b625b8e562446ba658cdbe9ad77774b4bd96b992ae8bd34c60dbf24d06c1f3",
      "dependencies": [
        "jsr:@std/fs@~0.229.3",
        "jsr:@std/path@~0.225.2"
      ]
    }
  },
  "npm": {
    "@babel/runtime@7.26.0": {
      "integrity": "sha512-FDSOghenHTiToteC/QRlv2q3DhPZ/oOXTBoirfWNx1Cx3TMVcGWQtMMmQcSvb/JjpNeGzx8Pq/b4fKEJuWm1sw==",
      "dependencies": [
        "regenerator-runtime"
      ]
    },
    "@types/hoist-non-react-statics@3.3.6": {
      "integrity": "sha512-lPByRJUer/iN/xa4qpyL0qmL11DqNW81iU/IG1S3uvRUq4oKagz8VCxZjiWkumgt66YT3vOdDgZ0o32sGKtCEw==",
      "dependencies": [
        "@types/react",
        "hoist-non-react-statics"
      ]
    },
    "@types/prop-types@15.7.5": {
      "integrity": "sha512-JCB8C6SnDoQf0cNycqd/35A7MjcnK+ZTqE7judS6o7utxUCg6imJg3QK2qzHKszlTjcj2cn+NwMB2i96ubpj7w=="
    },
    "@types/react@18.0.32": {
      "integrity": "sha512-gYGXdtPQ9Cj0w2Fwqg5/ak6BcK3Z15YgjSqtyDizWUfx7mQ8drs0NBUzRRsAdoFVTO8kJ8L2TL8Skm7OFPnLUw==",
      "dependencies": [
        "@types/prop-types",
        "@types/scheduler",
        "csstype"
      ]
    },
    "@types/scheduler@0.16.3": {
      "integrity": "sha512-5cJ8CB4yAx7BH1oMvdU0Jh9lrEXyPkar6F9G/ERswkCuvP4KQZfZkSjcMbAICCpQTN4OuZn8tz0HiKv9TGZgrQ=="
    },
    "@types/use-sync-external-store@0.0.3": {
      "integrity": "sha512-EwmlvuaxPNej9+T4v5AuBPJa2x2UOJVdjCtDHgcDqitUeOtjnJKJ+apYjVcAoBEMjKW1VVFGZLUb5+qqa09XFA=="
    },
    "csstype@3.1.2": {
      "integrity": "sha512-I7K1Uu0MBPzaFKg4nI5Q7Vs2t+3gWWW648spaF+Rg7pI9ds18Ugn+lvg4SHczUdKlHI5LWBXyqfS8+DufyBsgQ=="
    },
    "effection@3.0.3": {
      "integrity": "sha512-9ASCaJ44flDoEKUUJtn9drfIomn2z30sZUw7//crbq+eltMu09AyILcouXwpMkcHR8TsD5hDvTTsOLHswWRxXQ=="
    },
    "hoist-non-react-statics@3.3.2": {
      "integrity": "sha512-/gGivxi8JPKWNm/W0jSmzcMPpfpPLc3dY/6GxhX2hQ9iGj3aDfklV4ET7NjKpSinLpJ5vafa9iiGIEZg10SfBw==",
      "dependencies": [
        "react-is@16.13.1"
      ]
    },
    "immer@10.1.1": {
      "integrity": "sha512-s2MPrmjovJcoMaHtx6K11Ra7oD05NT97w1IC5zpMkT6Atjr7H8LjaDd81iIxUYpMKSRRNMJE703M1Fhr/TctHw=="
    },
    "js-tokens@4.0.0": {
      "integrity": "sha512-RdJUflcE3cUzKiMqQgsCu06FPu9UdIJO0beYbPhHN4k6apgJtifcoCtT9bcxOpYBtpD2kCM6Sbzg4CausW/PKQ=="
    },
    "loose-envify@1.4.0": {
      "integrity": "sha512-lyuxPGr/Wfhrlem2CL/UcnUc1zcqKAImBDzukY7Y5F/yQiNdko6+fRLevlw1HgMySw7f611UIY408EtxRSoK3Q==",
      "dependencies": [
        "js-tokens"
      ]
    },
    "react-dom@18.2.0_react@18.3.1": {
      "integrity": "sha512-6IMTriUmvsjHUjNtEDudZfuDQUoWXVxKHhlEGSk81n4YFS+r/Kl99wXiwlVXtPBtJenozv2P+hxDsw9eA7Xo6g==",
      "dependencies": [
        "loose-envify",
        "react",
        "scheduler"
      ]
    },
    "react-is@16.13.1": {
      "integrity": "sha512-24e6ynE2H+OKt4kqsOvNd8kBpV65zoxbA4BVsEOB3ARVWQki/DHzaUoC5KuON/BiccDaCCTZBuOcfZs70kR8bQ=="
    },
    "react-is@18.3.1": {
      "integrity": "sha512-/LLMVyas0ljjAtoYiPqYiL8VWXzUUdThrmU5+n20DZv+a+ClRoevUzw5JxU+Ieh5/c87ytoTBV9G1FiKfNJdmg=="
    },
    "react-redux@8.1.3_react@18.3.1_react-dom@18.2.0__react@18.3.1": {
      "integrity": "sha512-n0ZrutD7DaX/j9VscF+uTALI3oUPa/pO4Z3soOBIjuRn/FzVu6aehhysxZCLi6y7duMf52WNZGMl7CtuK5EnRw==",
      "dependencies": [
        "@babel/runtime",
        "@types/hoist-non-react-statics",
        "@types/use-sync-external-store",
        "hoist-non-react-statics",
        "react",
        "react-dom",
        "react-is@18.3.1",
        "use-sync-external-store"
      ]
    },
    "react@18.3.1": {
      "integrity": "sha512-wS+hAgJShR0KhEvPJArfuPVN1+Hz1t0Y6n5jLrGQbkb4urgPE/0Rve+1kMB1v/oWgHgm4WIcV+i7F2pTVj+2iQ==",
      "dependencies": [
        "loose-envify"
      ]
    },
    "regenerator-runtime@0.14.1": {
      "integrity": "sha512-dYnhHh0nJoMfnkZs6GmmhFknAGRrLznOu5nc9ML+EJxGvrx6H7teuevqVqCuPcPK//3eDrrjQhehXVx9cnkGdw=="
    },
    "reselect@4.1.8": {
      "integrity": "sha512-ab9EmR80F/zQTMNeneUr4cv+jSwPJgIlvEmVwLerwrWVbpLlBuls9XHzIeTFy4cegU2NHBp3va0LKOzU5qFEYQ=="
    },
    "scheduler@0.23.0": {
      "integrity": "sha512-CtuThmgHNg7zIZWAXi3AsyIzA3n4xx7aNyjwC2VJldO2LMVDhFK+63xGqq6CsJH4rTAt6/M+N4GhZiDYPx9eUw==",
      "dependencies": [
        "loose-envify"
      ]
    },
    "use-sync-external-store@1.4.0_react@18.3.1": {
      "integrity": "sha512-9WXSPC5fMv61vaupRkCKCxsPxBocVnwakBEkMIHHpkTTg6icbJtg6jzgtLDm4bl3cSHAca52rYWih0k4K3PfHw==",
      "dependencies": [
        "react"
      ]
    }
  },
=======
>>>>>>> da51308 (chore: update to alpha.4)
=======
  "specifiers": {
    "npm:effection@4.0.0-alpha.5": "4.0.0-alpha.5"
  },
  "npm": {
    "effection@4.0.0-alpha.5": {
      "integrity": "sha512-7s8dwQF8oqOxtsUrFMRQBUOWXq23Khb/IYurwqEnSTUwsgkSgQww/9A9aBwdRQ1hMmELouy/YkvhC7e9oGQfbA=="
    }
  },
>>>>>>> 7e17dc9 (Effection v4 upgrade (#56))
  "redirects": {
    "https://crux.land/api/get/2KNRVU": "https://crux.land/api/get/2KNRVU.ts",
    "https://crux.land/api/get/router@0.0.5": "https://crux.land/api/get/2KNRVU",
    "https://crux.land/router@0.0.5": "https://crux.land/api/get/router@0.0.5"
  },
  "remote": {
    "https://crux.land/api/get/2KNRVU.ts": "6a77d55844aba78d01520c5ff0b2f0af7f24cc1716a0de8b3bb6bd918c47b5ba",
<<<<<<< HEAD
    "https://deno.land/std@0.158.0/fmt/colors.ts": "ff7dc9c9f33a72bd48bc24b21bbc1b4545d8494a431f17894dbc5fe92a938fc4",
    "https://deno.land/std@0.158.0/testing/_diff.ts": "a23e7fc2b4d8daa3e158fa06856bedf5334ce2a2831e8bf9e509717f455adb2c",
    "https://deno.land/std@0.158.0/testing/_format.ts": "cd11136e1797791045e639e9f0f4640d5b4166148796cad37e6ef75f7d7f3832",
    "https://deno.land/std@0.158.0/testing/asserts.ts": "8696c488bc98d8d175e74dc652a0ffbc7fca93858da01edc57ed33c1148345da",
    "https://deno.land/x/continuation@0.1.5/mod.ts": "690def2735046367b3e1b4bc6e51b5912f2ed09c41c7df7a55c060f23720ad33",
    "https://deno.land/x/effection@3.0.0-beta.3/lib/abort-signal.ts": "8be1b331b2bc417d70fe4c07e0b806e89972b8eab519ce58beed7ec632ae9048",
    "https://deno.land/x/effection@3.0.0-beta.3/lib/all.ts": "acadab8258228e290192f587c8c532428f9093337a9b7688ae55cbc2cacd5caf",
    "https://deno.land/x/effection@3.0.0-beta.3/lib/async.ts": "086b27b253be944c47c633d105f1657e243cd8c0d35b9a0dc5383528d7235dde",
    "https://deno.land/x/effection@3.0.0-beta.3/lib/call.ts": "2fe2d0ac5f4bda345ef8627b9047d19336f2926c25cf661bc982b84754aa57fa",
    "https://deno.land/x/effection@3.0.0-beta.3/lib/channel.ts": "f86b36666463f8f86fc1ac1726a94f0f08dc05559ba710b8eb93581b2b8588e6",
    "https://deno.land/x/effection@3.0.0-beta.3/lib/context.ts": "108989ac839d6756e30f6c0afc458bfa3975dd0f970d5173b6b8f8473ce4c335",
    "https://deno.land/x/effection@3.0.0-beta.3/lib/deps.ts": "91062b4b97089a8cf36550d4f9605d325a0fd19bebc72d15524481a3b56ea669",
    "https://deno.land/x/effection@3.0.0-beta.3/lib/each.ts": "9689346d1db3fedcd87d48c70be5515ad3e18fa4b894755fa53910fb8ad356f3",
    "https://deno.land/x/effection@3.0.0-beta.3/lib/ensure.ts": "c3640cc12c1bc747a8a4086af476840db026d04ea22f45a697d53617b2b1cc66",
    "https://deno.land/x/effection@3.0.0-beta.3/lib/events.ts": "d962e7403d62948642f5a3161f611f4375932aa8702050575f0d538aab7c3467",
    "https://deno.land/x/effection@3.0.0-beta.3/lib/filter.ts": "39f349ee921ba718cf3259e05003255eeeafbb5ca6e437d2d269b1805da2236e",
    "https://deno.land/x/effection@3.0.0-beta.3/lib/first.ts": "5bc321069d2e2b87b6623f626a929d5d5ba32bca32ee03b37bdc1a64722eebb9",
    "https://deno.land/x/effection@3.0.0-beta.3/lib/instructions.ts": "5fd8638e385068adc6c1a896bba02b736d7c2c26e5124d3d063fdbcaf140abec",
    "https://deno.land/x/effection@3.0.0-beta.3/lib/lazy.ts": "92ea526c5ad7d88290f2a87168e038d482f97421379508d85cf2e049ee60639b",
    "https://deno.land/x/effection@3.0.0-beta.3/lib/lift.ts": "0c622bf0359f92235547b57efa66139b265a7b259428e6883469de0b3af32f5d",
    "https://deno.land/x/effection@3.0.0-beta.3/lib/main.ts": "a0deaf1d1d958ef7a5821d8ac3dfbd190a47608d603798a5fc3b0c2309a724da",
    "https://deno.land/x/effection@3.0.0-beta.3/lib/map.ts": "1a0c369dad53affc4b798a04142de637a75f981385acafcafd26bdc569675bc2",
    "https://deno.land/x/effection@3.0.0-beta.3/lib/mod.ts": "f7189b02d008baba1166d33779379b12f7104e0b6d373194270ac126a73ba82d",
    "https://deno.land/x/effection@3.0.0-beta.3/lib/pause.ts": "a690b0d67cf970c34f528df8c61d69eb43deda9817362776f6359f506dc0da45",
    "https://deno.land/x/effection@3.0.0-beta.3/lib/pipe.ts": "4a28fa93a1ba53661bafb84265f3fcb5614920bbecc0db1c261e1093da3b2cdf",
    "https://deno.land/x/effection@3.0.0-beta.3/lib/queue.ts": "80c6234cb6eaba9fd1abdae077e73f51897b099ea54f852b9a744e8eba51302f",
    "https://deno.land/x/effection@3.0.0-beta.3/lib/race.ts": "0c43f24ce5006768f5cbac8d6f5dc07848bafa625cc0bc6c24fb6a2f2a8808f2",
    "https://deno.land/x/effection@3.0.0-beta.3/lib/result.ts": "44e4bdadad155beb9bbfe41948819bbcb9e27a772283e52e89981bd6636a8687",
    "https://deno.land/x/effection@3.0.0-beta.3/lib/run.ts": "b85043bc8b30c0eb0d04654cdd07004b21145f2e3f59f52e39df76558e324ca4",
    "https://deno.land/x/effection@3.0.0-beta.3/lib/run/create.ts": "be9139af2fbe15908256d2d159dec8dca079f94cf02d488074c94fa26fc651fa",
    "https://deno.land/x/effection@3.0.0-beta.3/lib/run/frame.ts": "132fdace9c00e6ad0e249d7faab1c33680336c5fa8e4a893f092ecec4e2df786",
    "https://deno.land/x/effection@3.0.0-beta.3/lib/run/scope.ts": "e1c195fd4f954e4b525db25fb1db79447e745b2c0bb7c74a8a31ca58b1f4e64e",
    "https://deno.land/x/effection@3.0.0-beta.3/lib/run/task.ts": "7084b9cabdc338c776dc522ec8b677fb3ac41aa0c94e454d467731494cb68737",
    "https://deno.land/x/effection@3.0.0-beta.3/lib/run/types.ts": "010bea700f68fef99dd87ca5ca3cbbc90e026ac467889d8429d39cba0ee55fda",
    "https://deno.land/x/effection@3.0.0-beta.3/lib/run/value.ts": "d57428b45dfeecc9df1e68dadf8697dbc33cd412e6ffcab9d0ba4368e8c1fbd6",
    "https://deno.land/x/effection@3.0.0-beta.3/lib/shift-sync.ts": "74ecefa9cb2e145a3c52f363319f8d6296b804600852044b7d14bd53bc10b512",
    "https://deno.land/x/effection@3.0.0-beta.3/lib/signal.ts": "da723b43b6bd61ea86dab991e9a6c6249a61d3b1c3c98ef473b160c9383e7d07",
    "https://deno.land/x/effection@3.0.0-beta.3/lib/sleep.ts": "44e3a80248dad7a47066a99a7daec9b318e87d5d211adf27776145544d455689",
    "https://deno.land/x/effection@3.0.0-beta.3/lib/types.ts": "9738143fe6bfd5709a6ff10b6dd065582cfaca1167bf57902cb7bcca89b53dc4",
    "https://deno.land/x/effection@3.0.0-beta.3/mod.ts": "ffae461c16d4a1bf24c2179582ab8d5c81ad0df61e4ae2fba51ef5e5bdf90345",
<<<<<<< HEAD
    "https://deno.land/x/effection@3.0.3/lib/abort-signal.ts": "b404e2c4250edb6df67f757cf190c87915fd4edbd3200c47b11db762a4cc10cc",
    "https://deno.land/x/effection@3.0.3/lib/all.ts": "e45b9701998212b8a97949b1a6f0defb71ce90e56eb57d5afb365e3bba2e3791",
    "https://deno.land/x/effection@3.0.3/lib/async.ts": "ac4bed095e849584a6170ac9a47c9217c2e1e99543275cbc9407d92851120ada",
    "https://deno.land/x/effection@3.0.3/lib/call.ts": "096705dfd01fa19b6ae01fe3e362c919308a011e6d4647029cdb31dac80eadb2",
    "https://deno.land/x/effection@3.0.3/lib/channel.ts": "445b29c5cfc0b6bc48b1a7ea81e09d14c452ee4646c49c7753c8e5b34962ad50",
    "https://deno.land/x/effection@3.0.3/lib/context.ts": "108989ac839d6756e30f6c0afc458bfa3975dd0f970d5173b6b8f8473ce4c335",
    "https://deno.land/x/effection@3.0.3/lib/deps.ts": "91062b4b97089a8cf36550d4f9605d325a0fd19bebc72d15524481a3b56ea669",
    "https://deno.land/x/effection@3.0.3/lib/each.ts": "0a32eaa8b54966a913c843714e669c1f1e8933a3570d54797cc20ee2c4b5de41",
    "https://deno.land/x/effection@3.0.3/lib/ensure.ts": "8043d8e6e67ad27382cba05b3c8b886cf46436871831171b8a8eea66609a6313",
    "https://deno.land/x/effection@3.0.3/lib/events.ts": "bdaf6c87c368aebff1e4287a9917ae0b6ba880c4008ecf0abf6b5af922233c62",
    "https://deno.land/x/effection@3.0.3/lib/instructions.ts": "3e5316bb7f32a70f93b853673dd1192cdfa11a04037e630d07ddf8fd5eba5d08",
    "https://deno.land/x/effection@3.0.3/lib/lazy.ts": "92ea526c5ad7d88290f2a87168e038d482f97421379508d85cf2e049ee60639b",
    "https://deno.land/x/effection@3.0.3/lib/lift.ts": "06fafd92f3a8e87c34e9bb9d9dacbb0333b5213c9c65c7245b2cab2cf3cf99e9",
    "https://deno.land/x/effection@3.0.3/lib/main.ts": "5f4793fe6d82dcbf991d3306334b784c2b2617f618295e8c368f3fe714e66c01",
    "https://deno.land/x/effection@3.0.3/lib/mod.ts": "bbbffe1265d9848812feefa7b20307c448bd4ce1d4c6232d2312f3722dca0fa7",
    "https://deno.land/x/effection@3.0.3/lib/pause.ts": "a690b0d67cf970c34f528df8c61d69eb43deda9817362776f6359f506dc0da45",
    "https://deno.land/x/effection@3.0.3/lib/queue.ts": "80c6234cb6eaba9fd1abdae077e73f51897b099ea54f852b9a744e8eba51302f",
    "https://deno.land/x/effection@3.0.3/lib/race.ts": "ab652679ee00fd3f4ca5156628bf3af7aea55b2e20bb6387693075f7ea27d5ca",
    "https://deno.land/x/effection@3.0.3/lib/result.ts": "44e4bdadad155beb9bbfe41948819bbcb9e27a772283e52e89981bd6636a8687",
    "https://deno.land/x/effection@3.0.3/lib/run.ts": "55070ed92c5881e86b9724f519986058286ef54b6c12adf82847023631ebcfd3",
    "https://deno.land/x/effection@3.0.3/lib/run/create.ts": "be9139af2fbe15908256d2d159dec8dca079f94cf02d488074c94fa26fc651fa",
    "https://deno.land/x/effection@3.0.3/lib/run/frame.ts": "132fdace9c00e6ad0e249d7faab1c33680336c5fa8e4a893f092ecec4e2df786",
    "https://deno.land/x/effection@3.0.3/lib/run/scope.ts": "a968455e313ba9aa097ee5c18b4db0d8e2397b90c78e413fa08396baead7b74a",
    "https://deno.land/x/effection@3.0.3/lib/run/task.ts": "7084b9cabdc338c776dc522ec8b677fb3ac41aa0c94e454d467731494cb68737",
    "https://deno.land/x/effection@3.0.3/lib/run/types.ts": "010bea700f68fef99dd87ca5ca3cbbc90e026ac467889d8429d39cba0ee55fda",
    "https://deno.land/x/effection@3.0.3/lib/run/value.ts": "d57428b45dfeecc9df1e68dadf8697dbc33cd412e6ffcab9d0ba4368e8c1fbd6",
    "https://deno.land/x/effection@3.0.3/lib/shift-sync.ts": "74ecefa9cb2e145a3c52f363319f8d6296b804600852044b7d14bd53bc10b512",
    "https://deno.land/x/effection@3.0.3/lib/signal.ts": "6aba1f372419e1540bd29a9ff992ffd2500e035b2e455d2c11d856a052f698d1",
    "https://deno.land/x/effection@3.0.3/lib/sleep.ts": "ff8ba6a0266f2e8837a9ae5f63402f8db51a39ce573abf1335109bef772d6b4a",
    "https://deno.land/x/effection@3.0.3/lib/types.ts": "06b435b6152b17ef7959a37e1901109b3c716e14ee5e0ae942314439f63bb630",
    "https://deno.land/x/effection@3.0.3/mod.ts": "ffae461c16d4a1bf24c2179582ab8d5c81ad0df61e4ae2fba51ef5e5bdf90345",
    "https://deno.land/x/mock_fetch@0.3.0/mod.ts": "7e7806c65ab17b2b684c334c4e565812bdaf504a3e9c938d2bb52bb67428bc89"
  },
  "workspace": {
    "dependencies": [
      "npm:immer@^10.0.2",
      "npm:react-dom@^18.2.0",
      "npm:react-redux@^8.0.5",
      "npm:react@^18.2.0",
      "npm:reselect@^4.1.8"
    ]
=======
    "https://deno.land/x/effection@4.0.0-alpha.3/lib/abort-signal.ts": "01b4bf70a27c505a2ba176fea7bb7e4774b9519ad8c67b25cbf3864b1b1bc192",
    "https://deno.land/x/effection@4.0.0-alpha.3/lib/action.ts": "bbba264043816bc628e51ad8fea41d9fc7397e27ac9f8e3accbae94c74d49b1f",
    "https://deno.land/x/effection@4.0.0-alpha.3/lib/all.ts": "47d3ea2715a5d3f91a17fb3899ee2fa57c67109e171e86f7ebfb87c07fae46f4",
    "https://deno.land/x/effection@4.0.0-alpha.3/lib/async.ts": "ac4bed095e849584a6170ac9a47c9217c2e1e99543275cbc9407d92851120ada",
    "https://deno.land/x/effection@4.0.0-alpha.3/lib/call.ts": "f9165ac3737d5fa2f2e1ded989f17437a9926abea4128453996a94aba8a89b4f",
    "https://deno.land/x/effection@4.0.0-alpha.3/lib/callcc.ts": "e5afe880abea9a6bd20ef99658975e2fc704486707c4fc95018d4ef44e15f370",
    "https://deno.land/x/effection@4.0.0-alpha.3/lib/channel.ts": "445b29c5cfc0b6bc48b1a7ea81e09d14c452ee4646c49c7753c8e5b34962ad50",
    "https://deno.land/x/effection@4.0.0-alpha.3/lib/constant.ts": "cbf8724addd990ee4acad629c596a03b3aecc8557671a8a5911960eb984cc2a7",
    "https://deno.land/x/effection@4.0.0-alpha.3/lib/context.ts": "1b1e979beec34339a5d8b3d926deca71fe8d05517ef445b27a8a011c258f70b6",
    "https://deno.land/x/effection@4.0.0-alpha.3/lib/contexts.ts": "5a56c139d3db9198721bab26a72907ce772a4ab7e890f2691e650753159cccdb",
    "https://deno.land/x/effection@4.0.0-alpha.3/lib/coroutine.ts": "1a24ba17607353a1b99b2f553ac4c18bf48710d4941781cfcc4eef01bb402856",
    "https://deno.land/x/effection@4.0.0-alpha.3/lib/do.ts": "027d412d672ad67e32eb29fefd69be08655ef2dd0e032f52ddc019e9899153a6",
    "https://deno.land/x/effection@4.0.0-alpha.3/lib/drain.ts": "90966c1ee86b6d1215e8d478b097ebab158d6afc9bfd21c5a827e1126d1eee62",
    "https://deno.land/x/effection@4.0.0-alpha.3/lib/each.ts": "7e630e29ef4030fa742fa2ba18f5b3ba6761ef5eb2f8322311c5af18bcc6cad2",
    "https://deno.land/x/effection@4.0.0-alpha.3/lib/ensure.ts": "8e5b804ace7c90fc4c1349531e52edc3c31ee3c78c77667138888a84719b177e",
    "https://deno.land/x/effection@4.0.0-alpha.3/lib/events.ts": "32fa772fa2f18a61fa9b8daaa6d17093d5d5d77586c62f8e2e9c3a2329044375",
    "https://deno.land/x/effection@4.0.0-alpha.3/lib/lazy-promise.ts": "ac5b41cc4321df370fb9b375d2bc6681f9b381553ee60c9974299573417ce776",
    "https://deno.land/x/effection@4.0.0-alpha.3/lib/lift.ts": "a623de97bc2206d45669780274441c4123ec6664e8085984c7e073a4b30e34ed",
    "https://deno.land/x/effection@4.0.0-alpha.3/lib/main.ts": "ac958f15c4277a4b92f746da38e9adb6bc7f3d0778b49443c64da0c1993984ee",
    "https://deno.land/x/effection@4.0.0-alpha.3/lib/maybe.ts": "e64f5d5da4273c2e4785e3d1c55ba457d5314a8039d138747fe80cabbb4d6d94",
    "https://deno.land/x/effection@4.0.0-alpha.3/lib/mod.ts": "a7e3ca090c1b71b5a798b542be1e14707ad422713136aa3beb860b064151d47f",
    "https://deno.land/x/effection@4.0.0-alpha.3/lib/queue.ts": "0242c92921d82c671fe345d88ca31a7f66b6d49c20fb63a0079dc07c917a305f",
    "https://deno.land/x/effection@4.0.0-alpha.3/lib/race.ts": "88b7d0b7f5ef4e566a193e2e76eb574d95304f891c8ff12ca9a53c1a612375a7",
    "https://deno.land/x/effection@4.0.0-alpha.3/lib/reducer.ts": "e0e229143083dfa8ffd12663dcdd10ea5247ebda5fd837a91a0cc7a5a4117aa4",
    "https://deno.land/x/effection@4.0.0-alpha.3/lib/resource.ts": "af10f469ac2bb9b984a56840311f30c9d677f1ffe97b22541d99b6060150f649",
    "https://deno.land/x/effection@4.0.0-alpha.3/lib/result.ts": "9b413a0af84825a4935ee9ff78ebec1649acc1e3e74e19c0c391dbf025104245",
    "https://deno.land/x/effection@4.0.0-alpha.3/lib/run.ts": "1d461ad5318e52ec5226c35c36a9c70acdb8363526554d8f649f76650f61a770",
    "https://deno.land/x/effection@4.0.0-alpha.3/lib/scope.ts": "e121646a90c9938f167e814f24f4d51bf831ca5d6341ff0105df1d3da1b3a8f3",
    "https://deno.land/x/effection@4.0.0-alpha.3/lib/signal.ts": "9b0975f62e6fa010029fdabe9368fa873d1f94ed05964952b621856c090cbd27",
    "https://deno.land/x/effection@4.0.0-alpha.3/lib/sleep.ts": "51fdecc512321c23c75efec2d58b3e0d1846bc25c35b487fb5fc1c169a9ad858",
    "https://deno.land/x/effection@4.0.0-alpha.3/lib/spawn.ts": "b209abeaf572800b6bf8b7357f3a87bd7aeb573687cde23b5de352f8fbef8b3f",
    "https://deno.land/x/effection@4.0.0-alpha.3/lib/suspend.ts": "6c93e8ba438719df3acc4ce52362837b5dc6bdab68e90e4e4d0b7eda818585c1",
    "https://deno.land/x/effection@4.0.0-alpha.3/lib/task.ts": "d3b3bb22b7b184b7f0000cc84aa8730dfd9112c8dc97b5b01512c7b842e842c8",
    "https://deno.land/x/effection@4.0.0-alpha.3/lib/types.ts": "7f0a53612aeb8cfe5fe2bd26212241963216094eebbc1e81bc9a64531cffc8c5",
    "https://deno.land/x/effection@4.0.0-alpha.3/lib/with-resolvers.ts": "d85013be2c996f3cd7a8c2b11948123647eb070d75d225636bb495d5b9edc71d",
    "https://deno.land/x/effection@4.0.0-alpha.3/mod.ts": "ffae461c16d4a1bf24c2179582ab8d5c81ad0df61e4ae2fba51ef5e5bdf90345",
=======
    "https://deno.land/std@0.163.0/testing/_test_suite.ts": "2d07073d5460a4e3ec50c55ae822cd9bd136926d7363091379947fef9c73c3e4",
    "https://deno.land/std@0.163.0/testing/bdd.ts": "35060cefd9cc21b414f4d89453b3551a3d52ec50aeff25db432503c5485b2f72",
    "https://deno.land/std@0.185.0/fmt/colors.ts": "d67e3cd9f472535241a8e410d33423980bec45047e343577554d3356e1f0ef4e",
    "https://deno.land/std@0.185.0/testing/_diff.ts": "1a3c044aedf77647d6cac86b798c6417603361b66b54c53331b312caeb447aea",
    "https://deno.land/std@0.185.0/testing/_format.ts": "a69126e8a469009adf4cf2a50af889aca364c349797e63174884a52ff75cf4c7",
    "https://deno.land/std@0.185.0/testing/asserts.ts": "e16d98b4d73ffc4ed498d717307a12500ae4f2cbe668f1a215632d19fcffc22f",
    "https://deno.land/std@0.187.0/fmt/colors.ts": "d67e3cd9f472535241a8e410d33423980bec45047e343577554d3356e1f0ef4e",
    "https://deno.land/std@0.187.0/testing/_diff.ts": "1a3c044aedf77647d6cac86b798c6417603361b66b54c53331b312caeb447aea",
    "https://deno.land/std@0.187.0/testing/_format.ts": "a69126e8a469009adf4cf2a50af889aca364c349797e63174884a52ff75cf4c7",
    "https://deno.land/std@0.187.0/testing/asserts.ts": "e16d98b4d73ffc4ed498d717307a12500ae4f2cbe668f1a215632d19fcffc22f",
    "https://deno.land/std@0.97.0/fmt/colors.ts": "db22b314a2ae9430ae7460ce005e0a7130e23ae1c999157e3bb77cf55800f7e4",
    "https://deno.land/std@0.97.0/testing/_diff.ts": "961eaf6d9f5b0a8556c9d835bbc6fa74f5addd7d3b02728ba7936ff93364f7a3",
    "https://deno.land/std@0.97.0/testing/asserts.ts": "341292d12eebc44be4c3c2ca101ba8b6b5859cef2fa69d50c217f9d0bfbcfd1f",
    "https://deno.land/x/effection@4.0.0-alpha.4/lib/abort-signal.ts": "01b4bf70a27c505a2ba176fea7bb7e4774b9519ad8c67b25cbf3864b1b1bc192",
    "https://deno.land/x/effection@4.0.0-alpha.4/lib/action.ts": "bbba264043816bc628e51ad8fea41d9fc7397e27ac9f8e3accbae94c74d49b1f",
    "https://deno.land/x/effection@4.0.0-alpha.4/lib/all.ts": "47d3ea2715a5d3f91a17fb3899ee2fa57c67109e171e86f7ebfb87c07fae46f4",
    "https://deno.land/x/effection@4.0.0-alpha.4/lib/async.ts": "ac4bed095e849584a6170ac9a47c9217c2e1e99543275cbc9407d92851120ada",
    "https://deno.land/x/effection@4.0.0-alpha.4/lib/call.ts": "f9165ac3737d5fa2f2e1ded989f17437a9926abea4128453996a94aba8a89b4f",
    "https://deno.land/x/effection@4.0.0-alpha.4/lib/callcc.ts": "e5afe880abea9a6bd20ef99658975e2fc704486707c4fc95018d4ef44e15f370",
    "https://deno.land/x/effection@4.0.0-alpha.4/lib/channel.ts": "445b29c5cfc0b6bc48b1a7ea81e09d14c452ee4646c49c7753c8e5b34962ad50",
    "https://deno.land/x/effection@4.0.0-alpha.4/lib/constant.ts": "cbf8724addd990ee4acad629c596a03b3aecc8557671a8a5911960eb984cc2a7",
    "https://deno.land/x/effection@4.0.0-alpha.4/lib/context.ts": "1b1e979beec34339a5d8b3d926deca71fe8d05517ef445b27a8a011c258f70b6",
    "https://deno.land/x/effection@4.0.0-alpha.4/lib/contexts.ts": "5a56c139d3db9198721bab26a72907ce772a4ab7e890f2691e650753159cccdb",
    "https://deno.land/x/effection@4.0.0-alpha.4/lib/coroutine.ts": "1a24ba17607353a1b99b2f553ac4c18bf48710d4941781cfcc4eef01bb402856",
    "https://deno.land/x/effection@4.0.0-alpha.4/lib/do.ts": "027d412d672ad67e32eb29fefd69be08655ef2dd0e032f52ddc019e9899153a6",
    "https://deno.land/x/effection@4.0.0-alpha.4/lib/drain.ts": "90966c1ee86b6d1215e8d478b097ebab158d6afc9bfd21c5a827e1126d1eee62",
    "https://deno.land/x/effection@4.0.0-alpha.4/lib/each.ts": "7e630e29ef4030fa742fa2ba18f5b3ba6761ef5eb2f8322311c5af18bcc6cad2",
    "https://deno.land/x/effection@4.0.0-alpha.4/lib/ensure.ts": "8e5b804ace7c90fc4c1349531e52edc3c31ee3c78c77667138888a84719b177e",
    "https://deno.land/x/effection@4.0.0-alpha.4/lib/events.ts": "32fa772fa2f18a61fa9b8daaa6d17093d5d5d77586c62f8e2e9c3a2329044375",
    "https://deno.land/x/effection@4.0.0-alpha.4/lib/lazy-promise.ts": "ac5b41cc4321df370fb9b375d2bc6681f9b381553ee60c9974299573417ce776",
    "https://deno.land/x/effection@4.0.0-alpha.4/lib/lift.ts": "a623de97bc2206d45669780274441c4123ec6664e8085984c7e073a4b30e34ed",
    "https://deno.land/x/effection@4.0.0-alpha.4/lib/main.ts": "623bf9ce8be7e31ef2a953e813c84cf650b134ef6646cd5d0922f1acbcd7af03",
    "https://deno.land/x/effection@4.0.0-alpha.4/lib/maybe.ts": "e64f5d5da4273c2e4785e3d1c55ba457d5314a8039d138747fe80cabbb4d6d94",
    "https://deno.land/x/effection@4.0.0-alpha.4/lib/mod.ts": "c732b545726b03329e32b52faffc2fbe860cdab1744c3afecd8dab6063b615ea",
    "https://deno.land/x/effection@4.0.0-alpha.4/lib/queue.ts": "0242c92921d82c671fe345d88ca31a7f66b6d49c20fb63a0079dc07c917a305f",
    "https://deno.land/x/effection@4.0.0-alpha.4/lib/race.ts": "88b7d0b7f5ef4e566a193e2e76eb574d95304f891c8ff12ca9a53c1a612375a7",
    "https://deno.land/x/effection@4.0.0-alpha.4/lib/reducer.ts": "e0e229143083dfa8ffd12663dcdd10ea5247ebda5fd837a91a0cc7a5a4117aa4",
    "https://deno.land/x/effection@4.0.0-alpha.4/lib/resource.ts": "af10f469ac2bb9b984a56840311f30c9d677f1ffe97b22541d99b6060150f649",
    "https://deno.land/x/effection@4.0.0-alpha.4/lib/result.ts": "9b413a0af84825a4935ee9ff78ebec1649acc1e3e74e19c0c391dbf025104245",
    "https://deno.land/x/effection@4.0.0-alpha.4/lib/run.ts": "1d461ad5318e52ec5226c35c36a9c70acdb8363526554d8f649f76650f61a770",
    "https://deno.land/x/effection@4.0.0-alpha.4/lib/scope.ts": "e121646a90c9938f167e814f24f4d51bf831ca5d6341ff0105df1d3da1b3a8f3",
    "https://deno.land/x/effection@4.0.0-alpha.4/lib/scoped.ts": "72df0c8297c6963207b89e51169279281db14abfb0d114a9ea19e3d95505d433",
    "https://deno.land/x/effection@4.0.0-alpha.4/lib/signal.ts": "9b0975f62e6fa010029fdabe9368fa873d1f94ed05964952b621856c090cbd27",
    "https://deno.land/x/effection@4.0.0-alpha.4/lib/sleep.ts": "51fdecc512321c23c75efec2d58b3e0d1846bc25c35b487fb5fc1c169a9ad858",
    "https://deno.land/x/effection@4.0.0-alpha.4/lib/spawn.ts": "b209abeaf572800b6bf8b7357f3a87bd7aeb573687cde23b5de352f8fbef8b3f",
    "https://deno.land/x/effection@4.0.0-alpha.4/lib/suspend.ts": "6c93e8ba438719df3acc4ce52362837b5dc6bdab68e90e4e4d0b7eda818585c1",
    "https://deno.land/x/effection@4.0.0-alpha.4/lib/task.ts": "d3b3bb22b7b184b7f0000cc84aa8730dfd9112c8dc97b5b01512c7b842e842c8",
    "https://deno.land/x/effection@4.0.0-alpha.4/lib/types.ts": "7f0a53612aeb8cfe5fe2bd26212241963216094eebbc1e81bc9a64531cffc8c5",
    "https://deno.land/x/effection@4.0.0-alpha.4/lib/with-resolvers.ts": "d85013be2c996f3cd7a8c2b11948123647eb070d75d225636bb495d5b9edc71d",
    "https://deno.land/x/effection@4.0.0-alpha.4/mod.ts": "ffae461c16d4a1bf24c2179582ab8d5c81ad0df61e4ae2fba51ef5e5bdf90345",
>>>>>>> da51308 (chore: update to alpha.4)
    "https://deno.land/x/expect@v0.3.0/expect.ts": "5e6717eddc9df376f7b2c9be6403e016130bb2edbb1acd261a2d6ea9608ee196",
    "https://deno.land/x/expect@v0.3.0/matchers.ts": "a37ef4577739247af77a852cdcd69484f999a41ad86ec16bb63a88a7a47a2372",
    "https://deno.land/x/expect@v0.3.0/mock.ts": "562d4b1d735d15b0b8e935f342679096b64fe452f86e96714fe8616c0c884914",
    "https://deno.land/x/expect@v0.3.0/mod.ts": "0304d2430e1e96ba669a8495e24ba606dcc3d152e1f81aaa8da898cea24e36c2",
    "https://deno.land/x/mock_fetch@0.3.0/mod.ts": "7e7806c65ab17b2b684c334c4e565812bdaf504a3e9c938d2bb52bb67428bc89",
    "https://esm.sh/immer@10.0.2?pin=v135": "c9a37633ebd7643f9618f0e3263ca12dc16eecb898feb579f94cc81c4a367c20",
    "https://esm.sh/react-redux@8.0.5?pin=v135": "f4407491c014946b8bed7e54c27e11edb42de4e3199af43c27884b143436d5f5",
    "https://esm.sh/react@18.2.0?pin=v135": "04ad7dc6d11fa27b24c136686a334ecdd19e972fae627cd98cbdc13cdac238c2",
    "https://esm.sh/reselect@4.1.8?pin=v135": "a88008b1d6ad1c4e4023172edebfe699cf9e8e0716132a48bb9f24617d478f4d",
    "https://esm.sh/stable/react@18.2.0/denonext/react.mjs": "3c4f23bcfc53b256fcfaf6f834fa9f584c3bb7be667b2682c6cb6ba8ef88f8e6",
    "https://esm.sh/stable/react@18.3.1/denonext/react.mjs": "fc048ffc55366baf7669519127d186761db72046e2bebf35fe8d0de3964defa3",
    "https://esm.sh/stable/react@19.0.0/denonext/react.mjs": "79056e5ef2a1c9601ae005ce23828f148d5e47291a65c573b275e19f19fa282f",
    "https://esm.sh/v135/@babel/runtime@7.24.4/denonext/helpers/esm/extends.js": "6945975ff02714e9d9e48cc7b2b84215c7f0bcf77b407c7499e497b20d2d7f6b",
    "https://esm.sh/v135/@babel/runtime@7.24.4/denonext/helpers/esm/objectWithoutPropertiesLoose.js": "476b0a7a26e15b0defbc5505ae3f4c7ef4a52e350eb861e090c4ea00f4a80670",
    "https://esm.sh/v135/@babel/runtime@7.26.0/denonext/helpers/esm/extends.js": "9c4bf30c0ad96abb55ca7cda2f05685069d3c4f8bfd2fba5735dfbc040e39beb",
    "https://esm.sh/v135/@babel/runtime@7.26.0/denonext/helpers/esm/objectWithoutPropertiesLoose.js": "1fffdffb33d197b964c753ebd42f4ab5bf3189860ec00ec2ece9b596785e06df",
    "https://esm.sh/v135/hoist-non-react-statics@3.3.2/denonext/hoist-non-react-statics.mjs": "1e1b0fbe9a9537eb408d6e7017e668b1381814eb9592a1dd18c39ee09a6d9fbb",
    "https://esm.sh/v135/immer@10.0.2/denonext/immer.mjs": "e23064a10c38638e3fa18f56a8864b32a41551e0c4dd32b18008431c57629e88",
    "https://esm.sh/v135/react-dom@18.2.0/denonext/react-dom.mjs": "8191fc377ea7083cca5640699c4abd75de033089eb932799e29aa04bb136838f",
    "https://esm.sh/v135/react-dom@18.3.1/denonext/react-dom.mjs": "0c4ad76e514ad1c9d8987d49679c5f2a6299b34c1b7fbf10a5da056ae4a0963f",
    "https://esm.sh/v135/react-is@16.13.1/denonext/react-is.mjs": "4fc2bb5cfecb53c0f28cd7b730101ff83c05ca06fdd373bc2d6a9bdf662f96d4",
    "https://esm.sh/v135/react-is@18.2.0/denonext/react-is.mjs": "07ca6a7473ccbb06466e805c8253ade80bd664a0f486cf020864c22c27a60479",
    "https://esm.sh/v135/react-is@18.3.1/denonext/react-is.mjs": "415473e8864f8022052049e9203c542bbe24f901dee5e66ae07c887356e6a278",
    "https://esm.sh/v135/react-redux@8.0.5/denonext/react-redux.mjs": "aad652363f5339e3814db446148deb093aadf80d57f8dc8d10d4c43b066b258c",
    "https://esm.sh/v135/reselect@4.1.8/denonext/reselect.mjs": "f8199f9e44453876a9ea6b5d1caedc0fe1ae789a73217543b1e6193e1edc0db7",
    "https://esm.sh/v135/scheduler@0.23.0/denonext/scheduler.mjs": "cdbc6d2823e2c6fffcb14501146ff2602a38c48d3c9dd9268f308e833ede2b49",
    "https://esm.sh/v135/scheduler@0.23.2/denonext/scheduler.mjs": "dc96e5be52b14a40ce36295d938d5211e520c4da3183fe2ad4283ed103747d82",
    "https://esm.sh/v135/use-sync-external-store@1.2.0/denonext/shim.js": "ee51a93766077d32104ee8090cafb05c1bd2e23e256f3516368f8e9a8516f177",
<<<<<<< HEAD
    "https://esm.sh/v135/use-sync-external-store@1.2.0/denonext/shim/with-selector.js": "6aaca98d5bc53815f1c14fb8d096f13d41ecf99d91923fa831bc19a880ba929d"
>>>>>>> 30fa8e8 (chore: upgrade effection to v4)
=======
    "https://esm.sh/v135/use-sync-external-store@1.2.0/denonext/shim/with-selector.js": "6aaca98d5bc53815f1c14fb8d096f13d41ecf99d91923fa831bc19a880ba929d",
    "https://esm.sh/v135/use-sync-external-store@1.4.0/denonext/shim.js": "56a0f587507b9c77dfe311d2f55eba84341f559f94b3f660edd3ba43693ba3dc",
    "https://esm.sh/v135/use-sync-external-store@1.4.0/denonext/shim/with-selector.js": "0dabd5368d24d1296688b679a9e1a123d5fccca41710f4e3b639af05cb366ad4"
>>>>>>> da51308 (chore: update to alpha.4)
  }
}
