{
  "name": "starfx",
  "version": "0.14.0",
  "lockfileVersion": 3,
  "requires": true,
  "packages": {
    "": {
      "name": "starfx",
      "version": "0.14.0",
      "license": "MIT",
      "dependencies": {
        "effection": "^3.5.0",
        "immer": "^10.1.1",
        "reselect": "^5.1.1"
      }
    },
    "node_modules/effection": {
      "version": "3.5.0",
      "resolved": "https://registry.npmjs.org/effection/-/effection-3.5.0.tgz",
      "integrity": "sha512-PcKRGoP68CM3c/DODTc38xp0rIjfREH7/fBGu4tiHU/aPb/PvSxv3tvWaJt6JxpxqT0jIXvcOyn+yjk46KcNXw==",
      "license": "ISC",
      "engines": {
        "node": ">= 16"
      }
    },
    "node_modules/immer": {
      "version": "10.1.1",
      "resolved": "https://registry.npmjs.org/immer/-/immer-10.1.1.tgz",
      "integrity": "sha512-s2MPrmjovJcoMaHtx6K11Ra7oD05NT97w1IC5zpMkT6Atjr7H8LjaDd81iIxUYpMKSRRNMJE703M1Fhr/TctHw==",
      "license": "MIT",
      "funding": {
        "type": "opencollective",
        "url": "https://opencollective.com/immer"
      }
    },
    "node_modules/reselect": {
      "version": "5.1.1",
      "resolved": "https://registry.npmjs.org/reselect/-/reselect-5.1.1.tgz",
      "integrity": "sha512-K/BG6eIky/SBpzfHZv/dd+9JBFiS4SWV7FIujVyJRux6e45+73RaUHXLmIR1f7WOMaQ0U1km6qwklRQxpJJY0w==",
      "license": "MIT"
    }
  }
}
